// !$*UTF8*$!
{
	archiveVersion = 1;
	classes = {
	};
	objectVersion = 55;
	objects = {

/* Begin PBXBuildFile section */
		5D35405D2944B99A006470DD /* FeastHubApp.swift in Sources */ = {isa = PBXBuildFile; fileRef = 5D35405C2944B99A006470DD /* FeastHubApp.swift */; };
		5D35405F2944B99A006470DD /* ContentView.swift in Sources */ = {isa = PBXBuildFile; fileRef = 5D35405E2944B99A006470DD /* ContentView.swift */; };
		5D3540612944B99F006470DD /* Assets.xcassets in Resources */ = {isa = PBXBuildFile; fileRef = 5D3540602944B99F006470DD /* Assets.xcassets */; };
		5D3540642944B99F006470DD /* Preview Assets.xcassets in Resources */ = {isa = PBXBuildFile; fileRef = 5D3540632944B99F006470DD /* Preview Assets.xcassets */; };
		5D35408E2944BDA9006470DD /* Realm in Frameworks */ = {isa = PBXBuildFile; productRef = 5D35408D2944BDA9006470DD /* Realm */; };
		5D3540902944BDA9006470DD /* RealmSwift in Frameworks */ = {isa = PBXBuildFile; productRef = 5D35408F2944BDA9006470DD /* RealmSwift */; };
		5D3540932944BDDC006470DD /* Alamofire in Frameworks */ = {isa = PBXBuildFile; productRef = 5D3540922944BDDC006470DD /* Alamofire */; };
		5D3540962944BE1D006470DD /* Injection.swift in Sources */ = {isa = PBXBuildFile; fileRef = 5D3540952944BE1D006470DD /* Injection.swift */; };
		5D3540CF2944C3C8006470DD /* CustomEmptyView.swift in Sources */ = {isa = PBXBuildFile; fileRef = 5D3540CE2944C3C8006470DD /* CustomEmptyView.swift */; };
		5D3540D22944C3F1006470DD /* CustomIcon.swift in Sources */ = {isa = PBXBuildFile; fileRef = 5D3540D12944C3F1006470DD /* CustomIcon.swift */; };
		5D3540D42944C409006470DD /* TabItem.swift in Sources */ = {isa = PBXBuildFile; fileRef = 5D3540D32944C409006470DD /* TabItem.swift */; };
		5D3541332944C4B0006470DD /* HomePresenter.swift in Sources */ = {isa = PBXBuildFile; fileRef = 5D3541102944C4B0006470DD /* HomePresenter.swift */; };
		5D3541342944C4B0006470DD /* HomeView.swift in Sources */ = {isa = PBXBuildFile; fileRef = 5D3541122944C4B0006470DD /* HomeView.swift */; };
		5D3541352944C4B0006470DD /* RestaurantCard.swift in Sources */ = {isa = PBXBuildFile; fileRef = 5D3541132944C4B0006470DD /* RestaurantCard.swift */; };
		5D3541362944C4B0006470DD /* HomeRouter.swift in Sources */ = {isa = PBXBuildFile; fileRef = 5D3541152944C4B0006470DD /* HomeRouter.swift */; };
		5D3541372944C4B0006470DD /* DetailPresenter.swift in Sources */ = {isa = PBXBuildFile; fileRef = 5D3541182944C4B0006470DD /* DetailPresenter.swift */; };
		5D3541382944C4B0006470DD /* DetailView.swift in Sources */ = {isa = PBXBuildFile; fileRef = 5D35411A2944C4B0006470DD /* DetailView.swift */; };
		5D35413F2944C4B0006470DD /* FavoritePresenter.swift in Sources */ = {isa = PBXBuildFile; fileRef = 5D3541282944C4B0006470DD /* FavoritePresenter.swift */; };
		5D3541402944C4B0006470DD /* FavoriteView.swift in Sources */ = {isa = PBXBuildFile; fileRef = 5D35412A2944C4B0006470DD /* FavoriteView.swift */; };
		5D3541422944C4B0006470DD /* FavoriteRouter.swift in Sources */ = {isa = PBXBuildFile; fileRef = 5D35412D2944C4B0006470DD /* FavoriteRouter.swift */; };
		5D3541472944C588006470DD /* CachedAsyncImage in Frameworks */ = {isa = PBXBuildFile; productRef = 5D3541462944C588006470DD /* CachedAsyncImage */; };
		5D35416C294854C9006470DD /* WrappingHStack in Frameworks */ = {isa = PBXBuildFile; productRef = 5D35416B294854C9006470DD /* WrappingHStack */; };
		5D46F1C8295609DF006798F0 /* ViewStateExtension.swift in Sources */ = {isa = PBXBuildFile; fileRef = 5D46F1C7295609DF006798F0 /* ViewStateExtension.swift */; };
		5D46F1CC29560A2C006798F0 /* ColorExtension.swift in Sources */ = {isa = PBXBuildFile; fileRef = 5D46F1CB29560A2C006798F0 /* ColorExtension.swift */; };
		5D770D262957308700FF7CCB /* Localizable.strings in Resources */ = {isa = PBXBuildFile; fileRef = 5D770D242957307300FF7CCB /* Localizable.strings */; };
		5DC3F7492956165C00160756 /* Core in Frameworks */ = {isa = PBXBuildFile; productRef = 5DC3F7482956165C00160756 /* Core */; };
		5DC3F7542957253500160756 /* Restaurant in Frameworks */ = {isa = PBXBuildFile; productRef = 5DC3F7532957253500160756 /* Restaurant */; };
		5DFE6869294A12B0002F37E7 /* ProfileView.swift in Sources */ = {isa = PBXBuildFile; fileRef = 5DFE6868294A12B0002F37E7 /* ProfileView.swift */; };
		5DFE686E294A1AA5002F37E7 /* .swiftlint.yml in Resources */ = {isa = PBXBuildFile; fileRef = 5DFE686D294A1AA5002F37E7 /* .swiftlint.yml */; };
/* End PBXBuildFile section */

/* Begin PBXContainerItemProxy section */
		5D35406A2944B99F006470DD /* PBXContainerItemProxy */ = {
			isa = PBXContainerItemProxy;
			containerPortal = 5D3540512944B999006470DD /* Project object */;
			proxyType = 1;
			remoteGlobalIDString = 5D3540582944B99A006470DD;
			remoteInfo = FeastHub;
		};
		5D3540742944B99F006470DD /* PBXContainerItemProxy */ = {
			isa = PBXContainerItemProxy;
			containerPortal = 5D3540512944B999006470DD /* Project object */;
			proxyType = 1;
			remoteGlobalIDString = 5D3540582944B99A006470DD;
			remoteInfo = FeastHub;
		};
/* End PBXContainerItemProxy section */

/* Begin PBXFileReference section */
		5D3540592944B99A006470DD /* FeastHub.app */ = {isa = PBXFileReference; explicitFileType = wrapper.application; includeInIndex = 0; path = FeastHub.app; sourceTree = BUILT_PRODUCTS_DIR; };
		5D35405C2944B99A006470DD /* FeastHubApp.swift */ = {isa = PBXFileReference; lastKnownFileType = sourcecode.swift; path = FeastHubApp.swift; sourceTree = "<group>"; };
		5D35405E2944B99A006470DD /* ContentView.swift */ = {isa = PBXFileReference; lastKnownFileType = sourcecode.swift; path = ContentView.swift; sourceTree = "<group>"; };
		5D3540602944B99F006470DD /* Assets.xcassets */ = {isa = PBXFileReference; lastKnownFileType = folder.assetcatalog; path = Assets.xcassets; sourceTree = "<group>"; };
		5D3540632944B99F006470DD /* Preview Assets.xcassets */ = {isa = PBXFileReference; lastKnownFileType = folder.assetcatalog; path = "Preview Assets.xcassets"; sourceTree = "<group>"; };
		5D3540692944B99F006470DD /* FeastHubTests.xctest */ = {isa = PBXFileReference; explicitFileType = wrapper.cfbundle; includeInIndex = 0; path = FeastHubTests.xctest; sourceTree = BUILT_PRODUCTS_DIR; };
		5D3540732944B99F006470DD /* FeastHubUITests.xctest */ = {isa = PBXFileReference; explicitFileType = wrapper.cfbundle; includeInIndex = 0; path = FeastHubUITests.xctest; sourceTree = BUILT_PRODUCTS_DIR; };
		5D3540952944BE1D006470DD /* Injection.swift */ = {isa = PBXFileReference; lastKnownFileType = sourcecode.swift; path = Injection.swift; sourceTree = "<group>"; };
		5D3540CE2944C3C8006470DD /* CustomEmptyView.swift */ = {isa = PBXFileReference; lastKnownFileType = sourcecode.swift; path = CustomEmptyView.swift; sourceTree = "<group>"; };
		5D3540D12944C3F1006470DD /* CustomIcon.swift */ = {isa = PBXFileReference; lastKnownFileType = sourcecode.swift; path = CustomIcon.swift; sourceTree = "<group>"; };
		5D3540D32944C409006470DD /* TabItem.swift */ = {isa = PBXFileReference; lastKnownFileType = sourcecode.swift; path = TabItem.swift; sourceTree = "<group>"; };
		5D3541102944C4B0006470DD /* HomePresenter.swift */ = {isa = PBXFileReference; fileEncoding = 4; lastKnownFileType = sourcecode.swift; path = HomePresenter.swift; sourceTree = "<group>"; };
		5D3541122944C4B0006470DD /* HomeView.swift */ = {isa = PBXFileReference; fileEncoding = 4; lastKnownFileType = sourcecode.swift; path = HomeView.swift; sourceTree = "<group>"; };
		5D3541132944C4B0006470DD /* RestaurantCard.swift */ = {isa = PBXFileReference; fileEncoding = 4; lastKnownFileType = sourcecode.swift; path = RestaurantCard.swift; sourceTree = "<group>"; };
		5D3541152944C4B0006470DD /* HomeRouter.swift */ = {isa = PBXFileReference; fileEncoding = 4; lastKnownFileType = sourcecode.swift; path = HomeRouter.swift; sourceTree = "<group>"; };
		5D3541182944C4B0006470DD /* DetailPresenter.swift */ = {isa = PBXFileReference; fileEncoding = 4; lastKnownFileType = sourcecode.swift; path = DetailPresenter.swift; sourceTree = "<group>"; };
		5D35411A2944C4B0006470DD /* DetailView.swift */ = {isa = PBXFileReference; fileEncoding = 4; lastKnownFileType = sourcecode.swift; path = DetailView.swift; sourceTree = "<group>"; };
		5D3541282944C4B0006470DD /* FavoritePresenter.swift */ = {isa = PBXFileReference; fileEncoding = 4; lastKnownFileType = sourcecode.swift; path = FavoritePresenter.swift; sourceTree = "<group>"; };
		5D35412A2944C4B0006470DD /* FavoriteView.swift */ = {isa = PBXFileReference; fileEncoding = 4; lastKnownFileType = sourcecode.swift; path = FavoriteView.swift; sourceTree = "<group>"; };
		5D35412D2944C4B0006470DD /* FavoriteRouter.swift */ = {isa = PBXFileReference; fileEncoding = 4; lastKnownFileType = sourcecode.swift; path = FavoriteRouter.swift; sourceTree = "<group>"; };
		5D46F1C4295604A1006798F0 /* Core */ = {isa = PBXFileReference; lastKnownFileType = wrapper; path = Core; sourceTree = "<group>"; };
		5D46F1C7295609DF006798F0 /* ViewStateExtension.swift */ = {isa = PBXFileReference; lastKnownFileType = sourcecode.swift; path = ViewStateExtension.swift; sourceTree = "<group>"; };
		5D46F1CB29560A2C006798F0 /* ColorExtension.swift */ = {isa = PBXFileReference; lastKnownFileType = sourcecode.swift; path = ColorExtension.swift; sourceTree = "<group>"; };
		5D770D232957307300FF7CCB /* en */ = {isa = PBXFileReference; lastKnownFileType = text.plist.strings; name = en; path = en.lproj/Localizable.strings; sourceTree = "<group>"; };
		5D770D252957307700FF7CCB /* id */ = {isa = PBXFileReference; lastKnownFileType = text.plist.strings; name = id; path = id.lproj/Localizable.strings; sourceTree = "<group>"; };
		5DC3F74C2956FBF500160756 /* Restaurant */ = {isa = PBXFileReference; lastKnownFileType = wrapper; path = Restaurant; sourceTree = "<group>"; };
		5DFE6868294A12B0002F37E7 /* ProfileView.swift */ = {isa = PBXFileReference; lastKnownFileType = sourcecode.swift; path = ProfileView.swift; sourceTree = "<group>"; };
		5DFE686D294A1AA5002F37E7 /* .swiftlint.yml */ = {isa = PBXFileReference; lastKnownFileType = text.yaml; path = .swiftlint.yml; sourceTree = "<group>"; };
/* End PBXFileReference section */

/* Begin PBXFrameworksBuildPhase section */
		5D3540562944B99A006470DD /* Frameworks */ = {
			isa = PBXFrameworksBuildPhase;
			buildActionMask = 2147483647;
			files = (
				5D3540932944BDDC006470DD /* Alamofire in Frameworks */,
				5D3541472944C588006470DD /* CachedAsyncImage in Frameworks */,
				5DC3F7542957253500160756 /* Restaurant in Frameworks */,
				5D3540902944BDA9006470DD /* RealmSwift in Frameworks */,
				5D35408E2944BDA9006470DD /* Realm in Frameworks */,
				5D35416C294854C9006470DD /* WrappingHStack in Frameworks */,
				5DC3F7492956165C00160756 /* Core in Frameworks */,
			);
			runOnlyForDeploymentPostprocessing = 0;
		};
		5D3540662944B99F006470DD /* Frameworks */ = {
			isa = PBXFrameworksBuildPhase;
			buildActionMask = 2147483647;
			files = (
			);
			runOnlyForDeploymentPostprocessing = 0;
		};
		5D3540702944B99F006470DD /* Frameworks */ = {
			isa = PBXFrameworksBuildPhase;
			buildActionMask = 2147483647;
			files = (
			);
			runOnlyForDeploymentPostprocessing = 0;
		};
/* End PBXFrameworksBuildPhase section */

/* Begin PBXGroup section */
		5D3540502944B999006470DD = {
			isa = PBXGroup;
			children = (
				5D35405B2944B99A006470DD /* FeastHub */,
				5DC3F74C2956FBF500160756 /* Restaurant */,
				5D46F1C4295604A1006798F0 /* Core */,
				5D35405A2944B99A006470DD /* Products */,
				5D46F1CD29560C35006798F0 /* Frameworks */,
			);
			sourceTree = "<group>";
		};
		5D35405A2944B99A006470DD /* Products */ = {
			isa = PBXGroup;
			children = (
				5D3540592944B99A006470DD /* FeastHub.app */,
				5D3540692944B99F006470DD /* FeastHubTests.xctest */,
				5D3540732944B99F006470DD /* FeastHubUITests.xctest */,
			);
			name = Products;
			sourceTree = "<group>";
		};
		5D35405B2944B99A006470DD /* FeastHub */ = {
			isa = PBXGroup;
			children = (
				5D35416929478656006470DD /* CustomView */,
				5D3540862944BB82006470DD /* App */,
				5D3540872944BBA2006470DD /* Core */,
				5D3540882944BBA9006470DD /* Module */,
				5D3540602944B99F006470DD /* Assets.xcassets */,
				5D3540622944B99F006470DD /* Preview Content */,
				5DFE686D294A1AA5002F37E7 /* .swiftlint.yml */,
				5D770D242957307300FF7CCB /* Localizable.strings */,
			);
			path = FeastHub;
			sourceTree = "<group>";
		};
		5D3540622944B99F006470DD /* Preview Content */ = {
			isa = PBXGroup;
			children = (
				5D3540632944B99F006470DD /* Preview Assets.xcassets */,
			);
			path = "Preview Content";
			sourceTree = "<group>";
		};
		5D3540862944BB82006470DD /* App */ = {
			isa = PBXGroup;
			children = (
				5D35405C2944B99A006470DD /* FeastHubApp.swift */,
				5D35405E2944B99A006470DD /* ContentView.swift */,
			);
			path = App;
			sourceTree = "<group>";
		};
		5D3540872944BBA2006470DD /* Core */ = {
			isa = PBXGroup;
			children = (
				5D3540BE2944C2C9006470DD /* Utility */,
				5D3540942944BE11006470DD /* DI */,
			);
			path = Core;
			sourceTree = "<group>";
		};
		5D3540882944BBA9006470DD /* Module */ = {
			isa = PBXGroup;
			children = (
				5D3541162944C4B0006470DD /* Detail */,
				5D3541262944C4B0006470DD /* Favorite */,
				5D35410E2944C4B0006470DD /* Home */,
				5D770D272957321A00FF7CCB /* Profile */,
			);
			path = Module;
			sourceTree = "<group>";
		};
		5D3540942944BE11006470DD /* DI */ = {
			isa = PBXGroup;
			children = (
				5D3540952944BE1D006470DD /* Injection.swift */,
			);
			path = DI;
			sourceTree = "<group>";
		};
		5D3540BE2944C2C9006470DD /* Utility */ = {
			isa = PBXGroup;
			children = (
				5D3540BF2944C2D5006470DD /* Extensions */,
			);
			path = Utility;
			sourceTree = "<group>";
		};
		5D3540BF2944C2D5006470DD /* Extensions */ = {
			isa = PBXGroup;
			children = (
				5D46F1C7295609DF006798F0 /* ViewStateExtension.swift */,
				5D46F1CB29560A2C006798F0 /* ColorExtension.swift */,
			);
			path = Extensions;
			sourceTree = "<group>";
		};
		5D35410E2944C4B0006470DD /* Home */ = {
			isa = PBXGroup;
			children = (
				5D3541102944C4B0006470DD /* HomePresenter.swift */,
				5D3541122944C4B0006470DD /* HomeView.swift */,
				5D3541152944C4B0006470DD /* HomeRouter.swift */,
			);
			path = Home;
			sourceTree = "<group>";
		};
		5D3541162944C4B0006470DD /* Detail */ = {
			isa = PBXGroup;
			children = (
				5D3541182944C4B0006470DD /* DetailPresenter.swift */,
				5D35411A2944C4B0006470DD /* DetailView.swift */,
			);
			path = Detail;
			sourceTree = "<group>";
		};
		5D3541262944C4B0006470DD /* Favorite */ = {
			isa = PBXGroup;
			children = (
				5D3541282944C4B0006470DD /* FavoritePresenter.swift */,
				5D35412A2944C4B0006470DD /* FavoriteView.swift */,
				5D35412D2944C4B0006470DD /* FavoriteRouter.swift */,
			);
			path = Favorite;
			sourceTree = "<group>";
		};
		5D35416929478656006470DD /* CustomView */ = {
			isa = PBXGroup;
			children = (
				5D3541132944C4B0006470DD /* RestaurantCard.swift */,
				5D3540CE2944C3C8006470DD /* CustomEmptyView.swift */,
				5D3540D12944C3F1006470DD /* CustomIcon.swift */,
				5D3540D32944C409006470DD /* TabItem.swift */,
			);
			path = CustomView;
			sourceTree = "<group>";
		};
		5D46F1CD29560C35006798F0 /* Frameworks */ = {
			isa = PBXGroup;
			children = (
			);
			name = Frameworks;
			sourceTree = "<group>";
		};
		5D770D272957321A00FF7CCB /* Profile */ = {
			isa = PBXGroup;
			children = (
				5DFE6868294A12B0002F37E7 /* ProfileView.swift */,
			);
			path = Profile;
			sourceTree = "<group>";
		};
/* End PBXGroup section */

/* Begin PBXNativeTarget section */
		5D3540582944B99A006470DD /* FeastHub */ = {
			isa = PBXNativeTarget;
			buildConfigurationList = 5D35407D2944B99F006470DD /* Build configuration list for PBXNativeTarget "FeastHub" */;
			buildPhases = (
				5D3540552944B99A006470DD /* Sources */,
				5D3540562944B99A006470DD /* Frameworks */,
				5D3540572944B99A006470DD /* Resources */,
				5DFE686C294A1959002F37E7 /* ShellScript */,
			);
			buildRules = (
			);
			dependencies = (
			);
			name = FeastHub;
			packageProductDependencies = (
				5D35408D2944BDA9006470DD /* Realm */,
				5D35408F2944BDA9006470DD /* RealmSwift */,
				5D3540922944BDDC006470DD /* Alamofire */,
				5D3541462944C588006470DD /* CachedAsyncImage */,
				5D35416B294854C9006470DD /* WrappingHStack */,
				5DC3F7482956165C00160756 /* Core */,
				5DC3F7532957253500160756 /* Restaurant */,
			);
			productName = FeastHub;
			productReference = 5D3540592944B99A006470DD /* FeastHub.app */;
			productType = "com.apple.product-type.application";
		};
		5D3540682944B99F006470DD /* FeastHubTests */ = {
			isa = PBXNativeTarget;
			buildConfigurationList = 5D3540802944B99F006470DD /* Build configuration list for PBXNativeTarget "FeastHubTests" */;
			buildPhases = (
				5D3540652944B99F006470DD /* Sources */,
				5D3540662944B99F006470DD /* Frameworks */,
				5D3540672944B99F006470DD /* Resources */,
			);
			buildRules = (
			);
			dependencies = (
				5D35406B2944B99F006470DD /* PBXTargetDependency */,
			);
			name = FeastHubTests;
			productName = FeastHubTests;
			productReference = 5D3540692944B99F006470DD /* FeastHubTests.xctest */;
			productType = "com.apple.product-type.bundle.unit-test";
		};
		5D3540722944B99F006470DD /* FeastHubUITests */ = {
			isa = PBXNativeTarget;
			buildConfigurationList = 5D3540832944B99F006470DD /* Build configuration list for PBXNativeTarget "FeastHubUITests" */;
			buildPhases = (
				5D35406F2944B99F006470DD /* Sources */,
				5D3540702944B99F006470DD /* Frameworks */,
				5D3540712944B99F006470DD /* Resources */,
			);
			buildRules = (
			);
			dependencies = (
				5D3540752944B99F006470DD /* PBXTargetDependency */,
			);
			name = FeastHubUITests;
			productName = FeastHubUITests;
			productReference = 5D3540732944B99F006470DD /* FeastHubUITests.xctest */;
			productType = "com.apple.product-type.bundle.ui-testing";
		};
/* End PBXNativeTarget section */

/* Begin PBXProject section */
		5D3540512944B999006470DD /* Project object */ = {
			isa = PBXProject;
			attributes = {
				BuildIndependentTargetsInParallel = 1;
				LastSwiftUpdateCheck = 1410;
				LastUpgradeCheck = 1410;
				TargetAttributes = {
					5D3540582944B99A006470DD = {
						CreatedOnToolsVersion = 14.1;
					};
					5D3540682944B99F006470DD = {
						CreatedOnToolsVersion = 14.1;
						TestTargetID = 5D3540582944B99A006470DD;
					};
					5D3540722944B99F006470DD = {
						CreatedOnToolsVersion = 14.1;
						TestTargetID = 5D3540582944B99A006470DD;
					};
				};
			};
			buildConfigurationList = 5D3540542944B999006470DD /* Build configuration list for PBXProject "FeastHub" */;
			compatibilityVersion = "Xcode 13.0";
			developmentRegion = en;
			hasScannedForEncodings = 0;
			knownRegions = (
				en,
				id,
				Base,
			);
			mainGroup = 5D3540502944B999006470DD;
			packageReferences = (
				5D35408C2944BDA9006470DD /* XCRemoteSwiftPackageReference "realm-swift" */,
				5D3540912944BDDB006470DD /* XCRemoteSwiftPackageReference "Alamofire" */,
				5D3541452944C588006470DD /* XCRemoteSwiftPackageReference "swiftui-cached-async-image" */,
				5D35416A294854C9006470DD /* XCRemoteSwiftPackageReference "WrappingHStack" */,
			);
			productRefGroup = 5D35405A2944B99A006470DD /* Products */;
			projectDirPath = "";
			projectRoot = "";
			targets = (
				5D3540582944B99A006470DD /* FeastHub */,
				5D3540682944B99F006470DD /* FeastHubTests */,
				5D3540722944B99F006470DD /* FeastHubUITests */,
			);
		};
/* End PBXProject section */

/* Begin PBXResourcesBuildPhase section */
		5D3540572944B99A006470DD /* Resources */ = {
			isa = PBXResourcesBuildPhase;
			buildActionMask = 2147483647;
			files = (
				5DFE686E294A1AA5002F37E7 /* .swiftlint.yml in Resources */,
				5D770D262957308700FF7CCB /* Localizable.strings in Resources */,
				5D3540642944B99F006470DD /* Preview Assets.xcassets in Resources */,
				5D3540612944B99F006470DD /* Assets.xcassets in Resources */,
			);
			runOnlyForDeploymentPostprocessing = 0;
		};
		5D3540672944B99F006470DD /* Resources */ = {
			isa = PBXResourcesBuildPhase;
			buildActionMask = 2147483647;
			files = (
			);
			runOnlyForDeploymentPostprocessing = 0;
		};
		5D3540712944B99F006470DD /* Resources */ = {
			isa = PBXResourcesBuildPhase;
			buildActionMask = 2147483647;
			files = (
			);
			runOnlyForDeploymentPostprocessing = 0;
		};
/* End PBXResourcesBuildPhase section */

/* Begin PBXShellScriptBuildPhase section */
		5DFE686C294A1959002F37E7 /* ShellScript */ = {
			isa = PBXShellScriptBuildPhase;
			buildActionMask = 2147483647;
			files = (
			);
			inputFileListPaths = (
			);
			inputPaths = (
			);
			outputFileListPaths = (
			);
			outputPaths = (
			);
			runOnlyForDeploymentPostprocessing = 0;
			shellPath = /bin/sh;
			shellScript = "if which swiftlint >/dev/null; then \n    swiftlint \nelse \n    echo \"warning: SwiftLint not installed, download from https://github.com/realm/SwiftLint\" \nfi\n";
		};
/* End PBXShellScriptBuildPhase section */

/* Begin PBXSourcesBuildPhase section */
		5D3540552944B99A006470DD /* Sources */ = {
			isa = PBXSourcesBuildPhase;
			buildActionMask = 2147483647;
			files = (
				5D3540CF2944C3C8006470DD /* CustomEmptyView.swift in Sources */,
				5D3541342944C4B0006470DD /* HomeView.swift in Sources */,
				5D3541422944C4B0006470DD /* FavoriteRouter.swift in Sources */,
				5D3540D22944C3F1006470DD /* CustomIcon.swift in Sources */,
				5D3541332944C4B0006470DD /* HomePresenter.swift in Sources */,
				5D35405F2944B99A006470DD /* ContentView.swift in Sources */,
				5D46F1C8295609DF006798F0 /* ViewStateExtension.swift in Sources */,
				5D3540962944BE1D006470DD /* Injection.swift in Sources */,
				5D3540D42944C409006470DD /* TabItem.swift in Sources */,
				5D35405D2944B99A006470DD /* FeastHubApp.swift in Sources */,
				5D3541402944C4B0006470DD /* FavoriteView.swift in Sources */,
				5D3541352944C4B0006470DD /* RestaurantCard.swift in Sources */,
				5D3541382944C4B0006470DD /* DetailView.swift in Sources */,
				5D3541362944C4B0006470DD /* HomeRouter.swift in Sources */,
				5D46F1CC29560A2C006798F0 /* ColorExtension.swift in Sources */,
				5D35413F2944C4B0006470DD /* FavoritePresenter.swift in Sources */,
				5D3541372944C4B0006470DD /* DetailPresenter.swift in Sources */,
				5DFE6869294A12B0002F37E7 /* ProfileView.swift in Sources */,
			);
			runOnlyForDeploymentPostprocessing = 0;
		};
		5D3540652944B99F006470DD /* Sources */ = {
			isa = PBXSourcesBuildPhase;
			buildActionMask = 2147483647;
			files = (
			);
			runOnlyForDeploymentPostprocessing = 0;
		};
		5D35406F2944B99F006470DD /* Sources */ = {
			isa = PBXSourcesBuildPhase;
			buildActionMask = 2147483647;
			files = (
			);
			runOnlyForDeploymentPostprocessing = 0;
		};
/* End PBXSourcesBuildPhase section */

/* Begin PBXTargetDependency section */
		5D35406B2944B99F006470DD /* PBXTargetDependency */ = {
			isa = PBXTargetDependency;
			target = 5D3540582944B99A006470DD /* FeastHub */;
			targetProxy = 5D35406A2944B99F006470DD /* PBXContainerItemProxy */;
		};
		5D3540752944B99F006470DD /* PBXTargetDependency */ = {
			isa = PBXTargetDependency;
			target = 5D3540582944B99A006470DD /* FeastHub */;
			targetProxy = 5D3540742944B99F006470DD /* PBXContainerItemProxy */;
		};
/* End PBXTargetDependency section */

/* Begin PBXVariantGroup section */
		5D770D242957307300FF7CCB /* Localizable.strings */ = {
			isa = PBXVariantGroup;
			children = (
				5D770D232957307300FF7CCB /* en */,
				5D770D252957307700FF7CCB /* id */,
			);
			name = Localizable.strings;
			sourceTree = "<group>";
		};
/* End PBXVariantGroup section */

/* Begin XCBuildConfiguration section */
		5D35407B2944B99F006470DD /* Debug */ = {
			isa = XCBuildConfiguration;
			buildSettings = {
				ALWAYS_SEARCH_USER_PATHS = NO;
				CLANG_ANALYZER_NONNULL = YES;
				CLANG_ANALYZER_NUMBER_OBJECT_CONVERSION = YES_AGGRESSIVE;
				CLANG_CXX_LANGUAGE_STANDARD = "gnu++20";
				CLANG_ENABLE_MODULES = YES;
				CLANG_ENABLE_OBJC_ARC = YES;
				CLANG_ENABLE_OBJC_WEAK = YES;
				CLANG_WARN_BLOCK_CAPTURE_AUTORELEASING = YES;
				CLANG_WARN_BOOL_CONVERSION = YES;
				CLANG_WARN_COMMA = YES;
				CLANG_WARN_CONSTANT_CONVERSION = YES;
				CLANG_WARN_DEPRECATED_OBJC_IMPLEMENTATIONS = YES;
				CLANG_WARN_DIRECT_OBJC_ISA_USAGE = YES_ERROR;
				CLANG_WARN_DOCUMENTATION_COMMENTS = YES;
				CLANG_WARN_EMPTY_BODY = YES;
				CLANG_WARN_ENUM_CONVERSION = YES;
				CLANG_WARN_INFINITE_RECURSION = YES;
				CLANG_WARN_INT_CONVERSION = YES;
				CLANG_WARN_NON_LITERAL_NULL_CONVERSION = YES;
				CLANG_WARN_OBJC_IMPLICIT_RETAIN_SELF = YES;
				CLANG_WARN_OBJC_LITERAL_CONVERSION = YES;
				CLANG_WARN_OBJC_ROOT_CLASS = YES_ERROR;
				CLANG_WARN_QUOTED_INCLUDE_IN_FRAMEWORK_HEADER = YES;
				CLANG_WARN_RANGE_LOOP_ANALYSIS = YES;
				CLANG_WARN_STRICT_PROTOTYPES = YES;
				CLANG_WARN_SUSPICIOUS_MOVE = YES;
				CLANG_WARN_UNGUARDED_AVAILABILITY = YES_AGGRESSIVE;
				CLANG_WARN_UNREACHABLE_CODE = YES;
				CLANG_WARN__DUPLICATE_METHOD_MATCH = YES;
				COPY_PHASE_STRIP = NO;
				DEBUG_INFORMATION_FORMAT = dwarf;
				ENABLE_STRICT_OBJC_MSGSEND = YES;
				ENABLE_TESTABILITY = YES;
				GCC_C_LANGUAGE_STANDARD = gnu11;
				GCC_DYNAMIC_NO_PIC = NO;
				GCC_NO_COMMON_BLOCKS = YES;
				GCC_OPTIMIZATION_LEVEL = 0;
				GCC_PREPROCESSOR_DEFINITIONS = (
					"DEBUG=1",
					"$(inherited)",
				);
				GCC_WARN_64_TO_32_BIT_CONVERSION = YES;
				GCC_WARN_ABOUT_RETURN_TYPE = YES_ERROR;
				GCC_WARN_UNDECLARED_SELECTOR = YES;
				GCC_WARN_UNINITIALIZED_AUTOS = YES_AGGRESSIVE;
				GCC_WARN_UNUSED_FUNCTION = YES;
				GCC_WARN_UNUSED_VARIABLE = YES;
				IPHONEOS_DEPLOYMENT_TARGET = 16.0;
				MTL_ENABLE_DEBUG_INFO = INCLUDE_SOURCE;
				MTL_FAST_MATH = YES;
				ONLY_ACTIVE_ARCH = YES;
				SDKROOT = iphoneos;
				SWIFT_ACTIVE_COMPILATION_CONDITIONS = DEBUG;
				SWIFT_OPTIMIZATION_LEVEL = "-Onone";
			};
			name = Debug;
		};
		5D35407C2944B99F006470DD /* Release */ = {
			isa = XCBuildConfiguration;
			buildSettings = {
				ALWAYS_SEARCH_USER_PATHS = NO;
				CLANG_ANALYZER_NONNULL = YES;
				CLANG_ANALYZER_NUMBER_OBJECT_CONVERSION = YES_AGGRESSIVE;
				CLANG_CXX_LANGUAGE_STANDARD = "gnu++20";
				CLANG_ENABLE_MODULES = YES;
				CLANG_ENABLE_OBJC_ARC = YES;
				CLANG_ENABLE_OBJC_WEAK = YES;
				CLANG_WARN_BLOCK_CAPTURE_AUTORELEASING = YES;
				CLANG_WARN_BOOL_CONVERSION = YES;
				CLANG_WARN_COMMA = YES;
				CLANG_WARN_CONSTANT_CONVERSION = YES;
				CLANG_WARN_DEPRECATED_OBJC_IMPLEMENTATIONS = YES;
				CLANG_WARN_DIRECT_OBJC_ISA_USAGE = YES_ERROR;
				CLANG_WARN_DOCUMENTATION_COMMENTS = YES;
				CLANG_WARN_EMPTY_BODY = YES;
				CLANG_WARN_ENUM_CONVERSION = YES;
				CLANG_WARN_INFINITE_RECURSION = YES;
				CLANG_WARN_INT_CONVERSION = YES;
				CLANG_WARN_NON_LITERAL_NULL_CONVERSION = YES;
				CLANG_WARN_OBJC_IMPLICIT_RETAIN_SELF = YES;
				CLANG_WARN_OBJC_LITERAL_CONVERSION = YES;
				CLANG_WARN_OBJC_ROOT_CLASS = YES_ERROR;
				CLANG_WARN_QUOTED_INCLUDE_IN_FRAMEWORK_HEADER = YES;
				CLANG_WARN_RANGE_LOOP_ANALYSIS = YES;
				CLANG_WARN_STRICT_PROTOTYPES = YES;
				CLANG_WARN_SUSPICIOUS_MOVE = YES;
				CLANG_WARN_UNGUARDED_AVAILABILITY = YES_AGGRESSIVE;
				CLANG_WARN_UNREACHABLE_CODE = YES;
				CLANG_WARN__DUPLICATE_METHOD_MATCH = YES;
				COPY_PHASE_STRIP = NO;
				DEBUG_INFORMATION_FORMAT = "dwarf-with-dsym";
				ENABLE_NS_ASSERTIONS = NO;
				ENABLE_STRICT_OBJC_MSGSEND = YES;
				GCC_C_LANGUAGE_STANDARD = gnu11;
				GCC_NO_COMMON_BLOCKS = YES;
				GCC_WARN_64_TO_32_BIT_CONVERSION = YES;
				GCC_WARN_ABOUT_RETURN_TYPE = YES_ERROR;
				GCC_WARN_UNDECLARED_SELECTOR = YES;
				GCC_WARN_UNINITIALIZED_AUTOS = YES_AGGRESSIVE;
				GCC_WARN_UNUSED_FUNCTION = YES;
				GCC_WARN_UNUSED_VARIABLE = YES;
				IPHONEOS_DEPLOYMENT_TARGET = 16.0;
				MTL_ENABLE_DEBUG_INFO = NO;
				MTL_FAST_MATH = YES;
				SDKROOT = iphoneos;
				SWIFT_COMPILATION_MODE = wholemodule;
				SWIFT_OPTIMIZATION_LEVEL = "-O";
				VALIDATE_PRODUCT = YES;
			};
			name = Release;
		};
		5D35407E2944B99F006470DD /* Debug */ = {
			isa = XCBuildConfiguration;
			buildSettings = {
				ASSETCATALOG_COMPILER_APPICON_NAME = AppIcon;
				ASSETCATALOG_COMPILER_GLOBAL_ACCENT_COLOR_NAME = AccentColor;
				CODE_SIGN_STYLE = Automatic;
				CURRENT_PROJECT_VERSION = 1;
				DEVELOPMENT_ASSET_PATHS = "\"FeastHub/Preview Content\"";
				DEVELOPMENT_TEAM = 3USSPQR589;
				ENABLE_PREVIEWS = YES;
				GENERATE_INFOPLIST_FILE = YES;
				INFOPLIST_KEY_UIApplicationSceneManifest_Generation = YES;
				INFOPLIST_KEY_UIApplicationSupportsIndirectInputEvents = YES;
				INFOPLIST_KEY_UILaunchScreen_Generation = YES;
				INFOPLIST_KEY_UISupportedInterfaceOrientations_iPad = "UIInterfaceOrientationPortrait UIInterfaceOrientationPortraitUpsideDown UIInterfaceOrientationLandscapeLeft UIInterfaceOrientationLandscapeRight";
				INFOPLIST_KEY_UISupportedInterfaceOrientations_iPhone = "UIInterfaceOrientationPortrait UIInterfaceOrientationLandscapeLeft UIInterfaceOrientationLandscapeRight";
				LD_RUNPATH_SEARCH_PATHS = (
					"$(inherited)",
					"@executable_path/Frameworks",
				);
				MARKETING_VERSION = 1.0;
				PRODUCT_BUNDLE_IDENTIFIER = am.dx.kevinjonathan.FeastHub;
				PRODUCT_NAME = "$(TARGET_NAME)";
				SWIFT_EMIT_LOC_STRINGS = YES;
				SWIFT_VERSION = 5.0;
				TARGETED_DEVICE_FAMILY = "1,2";
			};
			name = Debug;
		};
		5D35407F2944B99F006470DD /* Release */ = {
			isa = XCBuildConfiguration;
			buildSettings = {
				ASSETCATALOG_COMPILER_APPICON_NAME = AppIcon;
				ASSETCATALOG_COMPILER_GLOBAL_ACCENT_COLOR_NAME = AccentColor;
				CODE_SIGN_STYLE = Automatic;
				CURRENT_PROJECT_VERSION = 1;
				DEVELOPMENT_ASSET_PATHS = "\"FeastHub/Preview Content\"";
				DEVELOPMENT_TEAM = 3USSPQR589;
				ENABLE_PREVIEWS = YES;
				GENERATE_INFOPLIST_FILE = YES;
				INFOPLIST_KEY_UIApplicationSceneManifest_Generation = YES;
				INFOPLIST_KEY_UIApplicationSupportsIndirectInputEvents = YES;
				INFOPLIST_KEY_UILaunchScreen_Generation = YES;
				INFOPLIST_KEY_UISupportedInterfaceOrientations_iPad = "UIInterfaceOrientationPortrait UIInterfaceOrientationPortraitUpsideDown UIInterfaceOrientationLandscapeLeft UIInterfaceOrientationLandscapeRight";
				INFOPLIST_KEY_UISupportedInterfaceOrientations_iPhone = "UIInterfaceOrientationPortrait UIInterfaceOrientationLandscapeLeft UIInterfaceOrientationLandscapeRight";
				LD_RUNPATH_SEARCH_PATHS = (
					"$(inherited)",
					"@executable_path/Frameworks",
				);
				MARKETING_VERSION = 1.0;
				PRODUCT_BUNDLE_IDENTIFIER = am.dx.kevinjonathan.FeastHub;
				PRODUCT_NAME = "$(TARGET_NAME)";
				SWIFT_EMIT_LOC_STRINGS = YES;
				SWIFT_VERSION = 5.0;
				TARGETED_DEVICE_FAMILY = "1,2";
			};
			name = Release;
		};
		5D3540812944B99F006470DD /* Debug */ = {
			isa = XCBuildConfiguration;
			buildSettings = {
				ALWAYS_EMBED_SWIFT_STANDARD_LIBRARIES = YES;
				BUNDLE_LOADER = "$(TEST_HOST)";
				CODE_SIGN_STYLE = Automatic;
				CURRENT_PROJECT_VERSION = 1;
				DEVELOPMENT_TEAM = 3USSPQR589;
				GENERATE_INFOPLIST_FILE = YES;
				IPHONEOS_DEPLOYMENT_TARGET = 16.1;
				MARKETING_VERSION = 1.0;
				PRODUCT_BUNDLE_IDENTIFIER = am.dx.kevinjonathan.FeastHubTests;
				PRODUCT_NAME = "$(TARGET_NAME)";
				SWIFT_EMIT_LOC_STRINGS = NO;
				SWIFT_VERSION = 5.0;
				TARGETED_DEVICE_FAMILY = "1,2";
				TEST_HOST = "$(BUILT_PRODUCTS_DIR)/FeastHub.app/$(BUNDLE_EXECUTABLE_FOLDER_PATH)/FeastHub";
			};
			name = Debug;
		};
		5D3540822944B99F006470DD /* Release */ = {
			isa = XCBuildConfiguration;
			buildSettings = {
				ALWAYS_EMBED_SWIFT_STANDARD_LIBRARIES = YES;
				BUNDLE_LOADER = "$(TEST_HOST)";
				CODE_SIGN_STYLE = Automatic;
				CURRENT_PROJECT_VERSION = 1;
				DEVELOPMENT_TEAM = 3USSPQR589;
				GENERATE_INFOPLIST_FILE = YES;
				IPHONEOS_DEPLOYMENT_TARGET = 16.1;
				MARKETING_VERSION = 1.0;
				PRODUCT_BUNDLE_IDENTIFIER = am.dx.kevinjonathan.FeastHubTests;
				PRODUCT_NAME = "$(TARGET_NAME)";
				SWIFT_EMIT_LOC_STRINGS = NO;
				SWIFT_VERSION = 5.0;
				TARGETED_DEVICE_FAMILY = "1,2";
				TEST_HOST = "$(BUILT_PRODUCTS_DIR)/FeastHub.app/$(BUNDLE_EXECUTABLE_FOLDER_PATH)/FeastHub";
			};
			name = Release;
		};
		5D3540842944B99F006470DD /* Debug */ = {
			isa = XCBuildConfiguration;
			buildSettings = {
				ALWAYS_EMBED_SWIFT_STANDARD_LIBRARIES = YES;
				CODE_SIGN_STYLE = Automatic;
				CURRENT_PROJECT_VERSION = 1;
				DEVELOPMENT_TEAM = 3USSPQR589;
				GENERATE_INFOPLIST_FILE = YES;
				MARKETING_VERSION = 1.0;
				PRODUCT_BUNDLE_IDENTIFIER = am.dx.kevinjonathan.FeastHubUITests;
				PRODUCT_NAME = "$(TARGET_NAME)";
				SWIFT_EMIT_LOC_STRINGS = NO;
				SWIFT_VERSION = 5.0;
				TARGETED_DEVICE_FAMILY = "1,2";
				TEST_TARGET_NAME = FeastHub;
			};
			name = Debug;
		};
		5D3540852944B99F006470DD /* Release */ = {
			isa = XCBuildConfiguration;
			buildSettings = {
				ALWAYS_EMBED_SWIFT_STANDARD_LIBRARIES = YES;
				CODE_SIGN_STYLE = Automatic;
				CURRENT_PROJECT_VERSION = 1;
				DEVELOPMENT_TEAM = 3USSPQR589;
				GENERATE_INFOPLIST_FILE = YES;
				MARKETING_VERSION = 1.0;
				PRODUCT_BUNDLE_IDENTIFIER = am.dx.kevinjonathan.FeastHubUITests;
				PRODUCT_NAME = "$(TARGET_NAME)";
				SWIFT_EMIT_LOC_STRINGS = NO;
				SWIFT_VERSION = 5.0;
				TARGETED_DEVICE_FAMILY = "1,2";
				TEST_TARGET_NAME = FeastHub;
			};
			name = Release;
		};
/* End XCBuildConfiguration section */

/* Begin XCConfigurationList section */
		5D3540542944B999006470DD /* Build configuration list for PBXProject "FeastHub" */ = {
			isa = XCConfigurationList;
			buildConfigurations = (
				5D35407B2944B99F006470DD /* Debug */,
				5D35407C2944B99F006470DD /* Release */,
			);
			defaultConfigurationIsVisible = 0;
			defaultConfigurationName = Release;
		};
		5D35407D2944B99F006470DD /* Build configuration list for PBXNativeTarget "FeastHub" */ = {
			isa = XCConfigurationList;
			buildConfigurations = (
				5D35407E2944B99F006470DD /* Debug */,
				5D35407F2944B99F006470DD /* Release */,
			);
			defaultConfigurationIsVisible = 0;
			defaultConfigurationName = Release;
		};
		5D3540802944B99F006470DD /* Build configuration list for PBXNativeTarget "FeastHubTests" */ = {
			isa = XCConfigurationList;
			buildConfigurations = (
				5D3540812944B99F006470DD /* Debug */,
				5D3540822944B99F006470DD /* Release */,
			);
			defaultConfigurationIsVisible = 0;
			defaultConfigurationName = Release;
		};
		5D3540832944B99F006470DD /* Build configuration list for PBXNativeTarget "FeastHubUITests" */ = {
			isa = XCConfigurationList;
			buildConfigurations = (
				5D3540842944B99F006470DD /* Debug */,
				5D3540852944B99F006470DD /* Release */,
			);
			defaultConfigurationIsVisible = 0;
			defaultConfigurationName = Release;
		};
/* End XCConfigurationList section */

/* Begin XCRemoteSwiftPackageReference section */
		5D35408C2944BDA9006470DD /* XCRemoteSwiftPackageReference "realm-swift" */ = {
			isa = XCRemoteSwiftPackageReference;
			repositoryURL = "https://github.com/realm/realm-swift";
			requirement = {
				branch = master;
				kind = branch;
			};
		};
		5D3540912944BDDB006470DD /* XCRemoteSwiftPackageReference "Alamofire" */ = {
			isa = XCRemoteSwiftPackageReference;
			repositoryURL = "https://github.com/Alamofire/Alamofire";
			requirement = {
				kind = upToNextMajorVersion;
				minimumVersion = 5.0.0;
			};
		};
		5D3541452944C588006470DD /* XCRemoteSwiftPackageReference "swiftui-cached-async-image" */ = {
			isa = XCRemoteSwiftPackageReference;
			repositoryURL = "https://github.com/lorenzofiamingo/swiftui-cached-async-image";
			requirement = {
				kind = upToNextMajorVersion;
				minimumVersion = 2.0.0;
			};
		};
		5D35416A294854C9006470DD /* XCRemoteSwiftPackageReference "WrappingHStack" */ = {
			isa = XCRemoteSwiftPackageReference;
			repositoryURL = "https://github.com/dkk/WrappingHStack";
			requirement = {
				kind = upToNextMajorVersion;
				minimumVersion = 2.0.0;
			};
		};
/* End XCRemoteSwiftPackageReference section */

/* Begin XCSwiftPackageProductDependency section */
		5D35408D2944BDA9006470DD /* Realm */ = {
			isa = XCSwiftPackageProductDependency;
			package = 5D35408C2944BDA9006470DD /* XCRemoteSwiftPackageReference "realm-swift" */;
			productName = Realm;
		};
		5D35408F2944BDA9006470DD /* RealmSwift */ = {
			isa = XCSwiftPackageProductDependency;
			package = 5D35408C2944BDA9006470DD /* XCRemoteSwiftPackageReference "realm-swift" */;
			productName = RealmSwift;
		};
		5D3540922944BDDC006470DD /* Alamofire */ = {
			isa = XCSwiftPackageProductDependency;
			package = 5D3540912944BDDB006470DD /* XCRemoteSwiftPackageReference "Alamofire" */;
			productName = Alamofire;
		};
		5D3541462944C588006470DD /* CachedAsyncImage */ = {
			isa = XCSwiftPackageProductDependency;
			package = 5D3541452944C588006470DD /* XCRemoteSwiftPackageReference "swiftui-cached-async-image" */;
			productName = CachedAsyncImage;
		};
		5D35416B294854C9006470DD /* WrappingHStack */ = {
			isa = XCSwiftPackageProductDependency;
			package = 5D35416A294854C9006470DD /* XCRemoteSwiftPackageReference "WrappingHStack" */;
			productName = WrappingHStack;
		};
		5DC3F7482956165C00160756 /* Core */ = {
			isa = XCSwiftPackageProductDependency;
			productName = Core;
		};
		5DC3F7532957253500160756 /* Restaurant */ = {
			isa = XCSwiftPackageProductDependency;
			productName = Restaurant;
		};
/* End XCSwiftPackageProductDependency section */
	};
	rootObject = 5D3540512944B999006470DD /* Project object */;
}
