// !$*UTF8*$!
{
	archiveVersion = 1;
	classes = {
	};
	objectVersion = 56;
	objects = {

/* Begin PBXBuildFile section */
		5D35405D2944B99A006470DD /* FeastHubApp.swift in Sources */ = {isa = PBXBuildFile; fileRef = 5D35405C2944B99A006470DD /* FeastHubApp.swift */; };
		5D35405F2944B99A006470DD /* ContentView.swift in Sources */ = {isa = PBXBuildFile; fileRef = 5D35405E2944B99A006470DD /* ContentView.swift */; };
		5D3540612944B99F006470DD /* Assets.xcassets in Resources */ = {isa = PBXBuildFile; fileRef = 5D3540602944B99F006470DD /* Assets.xcassets */; };
		5D3540642944B99F006470DD /* Preview Assets.xcassets in Resources */ = {isa = PBXBuildFile; fileRef = 5D3540632944B99F006470DD /* Preview Assets.xcassets */; };
		5D35406E2944B99F006470DD /* FeastHubTests.swift in Sources */ = {isa = PBXBuildFile; fileRef = 5D35406D2944B99F006470DD /* FeastHubTests.swift */; };
		5D3540782944B99F006470DD /* FeastHubUITests.swift in Sources */ = {isa = PBXBuildFile; fileRef = 5D3540772944B99F006470DD /* FeastHubUITests.swift */; };
		5D35407A2944B99F006470DD /* FeastHubUITestsLaunchTests.swift in Sources */ = {isa = PBXBuildFile; fileRef = 5D3540792944B99F006470DD /* FeastHubUITestsLaunchTests.swift */; };
		5D35408B2944BC20006470DD /* RestaurantRepository.swift in Sources */ = {isa = PBXBuildFile; fileRef = 5D35408A2944BC20006470DD /* RestaurantRepository.swift */; };
		5D35408E2944BDA9006470DD /* Realm in Frameworks */ = {isa = PBXBuildFile; productRef = 5D35408D2944BDA9006470DD /* Realm */; };
		5D3540902944BDA9006470DD /* RealmSwift in Frameworks */ = {isa = PBXBuildFile; productRef = 5D35408F2944BDA9006470DD /* RealmSwift */; };
		5D3540932944BDDC006470DD /* Alamofire in Frameworks */ = {isa = PBXBuildFile; productRef = 5D3540922944BDDC006470DD /* Alamofire */; };
		5D3540962944BE1D006470DD /* Injection.swift in Sources */ = {isa = PBXBuildFile; fileRef = 5D3540952944BE1D006470DD /* Injection.swift */; };
		5D35409D2944BE80006470DD /* LocaleDataSource.swift in Sources */ = {isa = PBXBuildFile; fileRef = 5D35409C2944BE80006470DD /* LocaleDataSource.swift */; };
		5D35409F2944BEA9006470DD /* CategoryEntity.swift in Sources */ = {isa = PBXBuildFile; fileRef = 5D35409E2944BEA9006470DD /* CategoryEntity.swift */; };
		5D3540A52944BF11006470DD /* RemoteDataSource.swift in Sources */ = {isa = PBXBuildFile; fileRef = 5D3540A42944BF11006470DD /* RemoteDataSource.swift */; };
		5D3540A82944BF45006470DD /* CategoryResponse.swift in Sources */ = {isa = PBXBuildFile; fileRef = 5D3540A72944BF45006470DD /* CategoryResponse.swift */; };
		5D3540AF2944C013006470DD /* CategoryModel.swift in Sources */ = {isa = PBXBuildFile; fileRef = 5D3540AE2944C013006470DD /* CategoryModel.swift */; };
		5D3540B32944C04D006470DD /* RestaurantModel.swift in Sources */ = {isa = PBXBuildFile; fileRef = 5D3540B22944C04D006470DD /* RestaurantModel.swift */; };
		5D3540B52944C21B006470DD /* HomeInteractor.swift in Sources */ = {isa = PBXBuildFile; fileRef = 5D3540B42944C21B006470DD /* HomeInteractor.swift */; };
		5D3540B72944C236006470DD /* DetailInteractor.swift in Sources */ = {isa = PBXBuildFile; fileRef = 5D3540B62944C236006470DD /* DetailInteractor.swift */; };
		5D3540BD2944C28D006470DD /* FavoriteInteractor.swift in Sources */ = {isa = PBXBuildFile; fileRef = 5D3540BC2944C28D006470DD /* FavoriteInteractor.swift */; };
		5D3540C12944C2E5006470DD /* ColorExtension.swift in Sources */ = {isa = PBXBuildFile; fileRef = 5D3540C02944C2E5006470DD /* ColorExtension.swift */; };
		5D3540C32944C305006470DD /* CustomErrorExtension.swift in Sources */ = {isa = PBXBuildFile; fileRef = 5D3540C22944C305006470DD /* CustomErrorExtension.swift */; };
		5D3540CD2944C39C006470DD /* APICall.swift in Sources */ = {isa = PBXBuildFile; fileRef = 5D3540CC2944C39C006470DD /* APICall.swift */; };
		5D3540CF2944C3C8006470DD /* CustomEmptyView.swift in Sources */ = {isa = PBXBuildFile; fileRef = 5D3540CE2944C3C8006470DD /* CustomEmptyView.swift */; };
		5D3540D22944C3F1006470DD /* CustomIcon.swift in Sources */ = {isa = PBXBuildFile; fileRef = 5D3540D12944C3F1006470DD /* CustomIcon.swift */; };
		5D3540D42944C409006470DD /* TabItem.swift in Sources */ = {isa = PBXBuildFile; fileRef = 5D3540D32944C409006470DD /* TabItem.swift */; };
		5D3541332944C4B0006470DD /* HomePresenter.swift in Sources */ = {isa = PBXBuildFile; fileRef = 5D3541102944C4B0006470DD /* HomePresenter.swift */; };
		5D3541342944C4B0006470DD /* HomeView.swift in Sources */ = {isa = PBXBuildFile; fileRef = 5D3541122944C4B0006470DD /* HomeView.swift */; };
		5D3541352944C4B0006470DD /* RestaurantCard.swift in Sources */ = {isa = PBXBuildFile; fileRef = 5D3541132944C4B0006470DD /* RestaurantCard.swift */; };
		5D3541362944C4B0006470DD /* HomeRouter.swift in Sources */ = {isa = PBXBuildFile; fileRef = 5D3541152944C4B0006470DD /* HomeRouter.swift */; };
		5D3541372944C4B0006470DD /* DetailPresenter.swift in Sources */ = {isa = PBXBuildFile; fileRef = 5D3541182944C4B0006470DD /* DetailPresenter.swift */; };
		5D3541382944C4B0006470DD /* DetailView.swift in Sources */ = {isa = PBXBuildFile; fileRef = 5D35411A2944C4B0006470DD /* DetailView.swift */; };
		5D35413F2944C4B0006470DD /* FavoritePresenter.swift in Sources */ = {isa = PBXBuildFile; fileRef = 5D3541282944C4B0006470DD /* FavoritePresenter.swift */; };
		5D3541402944C4B0006470DD /* FavoriteView.swift in Sources */ = {isa = PBXBuildFile; fileRef = 5D35412A2944C4B0006470DD /* FavoriteView.swift */; };
		5D3541422944C4B0006470DD /* FavoriteRouter.swift in Sources */ = {isa = PBXBuildFile; fileRef = 5D35412D2944C4B0006470DD /* FavoriteRouter.swift */; };
		5D3541472944C588006470DD /* CachedAsyncImage in Frameworks */ = {isa = PBXBuildFile; productRef = 5D3541462944C588006470DD /* CachedAsyncImage */; };
		5D3541492944C70F006470DD /* RestaurantListResponse.swift in Sources */ = {isa = PBXBuildFile; fileRef = 5D3541482944C70F006470DD /* RestaurantListResponse.swift */; };
		5D35414B2944C83B006470DD /* MenuResponse.swift in Sources */ = {isa = PBXBuildFile; fileRef = 5D35414A2944C83B006470DD /* MenuResponse.swift */; };
		5D35414D2944C8AB006470DD /* ReviewResponse.swift in Sources */ = {isa = PBXBuildFile; fileRef = 5D35414C2944C8AB006470DD /* ReviewResponse.swift */; };
		5D35414F2944C916006470DD /* RestaurantDetailResponse.swift in Sources */ = {isa = PBXBuildFile; fileRef = 5D35414E2944C916006470DD /* RestaurantDetailResponse.swift */; };
		5D3541512944C941006470DD /* RestaurantResponse.swift in Sources */ = {isa = PBXBuildFile; fileRef = 5D3541502944C941006470DD /* RestaurantResponse.swift */; };
		5D3541532944C970006470DD /* RestaurantSearchResponse.swift in Sources */ = {isa = PBXBuildFile; fileRef = 5D3541522944C970006470DD /* RestaurantSearchResponse.swift */; };
		5D3541552944C9FA006470DD /* AddNewReviewResponse.swift in Sources */ = {isa = PBXBuildFile; fileRef = 5D3541542944C9FA006470DD /* AddNewReviewResponse.swift */; };
		5D354158294629F9006470DD /* RestaurantEntity.swift in Sources */ = {isa = PBXBuildFile; fileRef = 5D354157294629F9006470DD /* RestaurantEntity.swift */; };
		5D35415A29462A7B006470DD /* MenuEntity.swift in Sources */ = {isa = PBXBuildFile; fileRef = 5D35415929462A7B006470DD /* MenuEntity.swift */; };
		5D35415C294636D2006470DD /* RestaurantMapper.swift in Sources */ = {isa = PBXBuildFile; fileRef = 5D35415B294636D2006470DD /* RestaurantMapper.swift */; };
		5D35415E29463B06006470DD /* MenuModel.swift in Sources */ = {isa = PBXBuildFile; fileRef = 5D35415D29463B06006470DD /* MenuModel.swift */; };
		5D35416029463BEE006470DD /* ReviewModel.swift in Sources */ = {isa = PBXBuildFile; fileRef = 5D35415F29463BEE006470DD /* ReviewModel.swift */; };
		5D3541622946405E006470DD /* CategoryMapper.swift in Sources */ = {isa = PBXBuildFile; fileRef = 5D3541612946405E006470DD /* CategoryMapper.swift */; };
		5D354164294642DA006470DD /* MenuMapper.swift in Sources */ = {isa = PBXBuildFile; fileRef = 5D354163294642DA006470DD /* MenuMapper.swift */; };
		5D3541662946481F006470DD /* ReviewMapper.swift in Sources */ = {isa = PBXBuildFile; fileRef = 5D3541652946481F006470DD /* ReviewMapper.swift */; };
		5D35416829472E1F006470DD /* ViewStateExtension.swift in Sources */ = {isa = PBXBuildFile; fileRef = 5D35416729472E1F006470DD /* ViewStateExtension.swift */; };
		5D35416C294854C9006470DD /* WrappingHStack in Frameworks */ = {isa = PBXBuildFile; productRef = 5D35416B294854C9006470DD /* WrappingHStack */; };
/* End PBXBuildFile section */

/* Begin PBXContainerItemProxy section */
		5D35406A2944B99F006470DD /* PBXContainerItemProxy */ = {
			isa = PBXContainerItemProxy;
			containerPortal = 5D3540512944B999006470DD /* Project object */;
			proxyType = 1;
			remoteGlobalIDString = 5D3540582944B99A006470DD;
			remoteInfo = FeastHub;
		};
		5D3540742944B99F006470DD /* PBXContainerItemProxy */ = {
			isa = PBXContainerItemProxy;
			containerPortal = 5D3540512944B999006470DD /* Project object */;
			proxyType = 1;
			remoteGlobalIDString = 5D3540582944B99A006470DD;
			remoteInfo = FeastHub;
		};
/* End PBXContainerItemProxy section */

/* Begin PBXFileReference section */
		5D3540592944B99A006470DD /* FeastHub.app */ = {isa = PBXFileReference; explicitFileType = wrapper.application; includeInIndex = 0; path = FeastHub.app; sourceTree = BUILT_PRODUCTS_DIR; };
		5D35405C2944B99A006470DD /* FeastHubApp.swift */ = {isa = PBXFileReference; lastKnownFileType = sourcecode.swift; path = FeastHubApp.swift; sourceTree = "<group>"; };
		5D35405E2944B99A006470DD /* ContentView.swift */ = {isa = PBXFileReference; lastKnownFileType = sourcecode.swift; path = ContentView.swift; sourceTree = "<group>"; };
		5D3540602944B99F006470DD /* Assets.xcassets */ = {isa = PBXFileReference; lastKnownFileType = folder.assetcatalog; path = Assets.xcassets; sourceTree = "<group>"; };
		5D3540632944B99F006470DD /* Preview Assets.xcassets */ = {isa = PBXFileReference; lastKnownFileType = folder.assetcatalog; path = "Preview Assets.xcassets"; sourceTree = "<group>"; };
		5D3540692944B99F006470DD /* FeastHubTests.xctest */ = {isa = PBXFileReference; explicitFileType = wrapper.cfbundle; includeInIndex = 0; path = FeastHubTests.xctest; sourceTree = BUILT_PRODUCTS_DIR; };
		5D35406D2944B99F006470DD /* FeastHubTests.swift */ = {isa = PBXFileReference; lastKnownFileType = sourcecode.swift; path = FeastHubTests.swift; sourceTree = "<group>"; };
		5D3540732944B99F006470DD /* FeastHubUITests.xctest */ = {isa = PBXFileReference; explicitFileType = wrapper.cfbundle; includeInIndex = 0; path = FeastHubUITests.xctest; sourceTree = BUILT_PRODUCTS_DIR; };
		5D3540772944B99F006470DD /* FeastHubUITests.swift */ = {isa = PBXFileReference; lastKnownFileType = sourcecode.swift; path = FeastHubUITests.swift; sourceTree = "<group>"; };
		5D3540792944B99F006470DD /* FeastHubUITestsLaunchTests.swift */ = {isa = PBXFileReference; lastKnownFileType = sourcecode.swift; path = FeastHubUITestsLaunchTests.swift; sourceTree = "<group>"; };
		5D35408A2944BC20006470DD /* RestaurantRepository.swift */ = {isa = PBXFileReference; lastKnownFileType = sourcecode.swift; path = RestaurantRepository.swift; sourceTree = "<group>"; };
		5D3540952944BE1D006470DD /* Injection.swift */ = {isa = PBXFileReference; lastKnownFileType = sourcecode.swift; path = Injection.swift; sourceTree = "<group>"; };
		5D35409C2944BE80006470DD /* LocaleDataSource.swift */ = {isa = PBXFileReference; lastKnownFileType = sourcecode.swift; path = LocaleDataSource.swift; sourceTree = "<group>"; };
		5D35409E2944BEA9006470DD /* CategoryEntity.swift */ = {isa = PBXFileReference; lastKnownFileType = sourcecode.swift; path = CategoryEntity.swift; sourceTree = "<group>"; };
		5D3540A42944BF11006470DD /* RemoteDataSource.swift */ = {isa = PBXFileReference; lastKnownFileType = sourcecode.swift; path = RemoteDataSource.swift; sourceTree = "<group>"; };
		5D3540A72944BF45006470DD /* CategoryResponse.swift */ = {isa = PBXFileReference; lastKnownFileType = sourcecode.swift; path = CategoryResponse.swift; sourceTree = "<group>"; };
		5D3540AE2944C013006470DD /* CategoryModel.swift */ = {isa = PBXFileReference; lastKnownFileType = sourcecode.swift; path = CategoryModel.swift; sourceTree = "<group>"; };
		5D3540B22944C04D006470DD /* RestaurantModel.swift */ = {isa = PBXFileReference; lastKnownFileType = sourcecode.swift; path = RestaurantModel.swift; sourceTree = "<group>"; };
		5D3540B42944C21B006470DD /* HomeInteractor.swift */ = {isa = PBXFileReference; lastKnownFileType = sourcecode.swift; path = HomeInteractor.swift; sourceTree = "<group>"; };
		5D3540B62944C236006470DD /* DetailInteractor.swift */ = {isa = PBXFileReference; lastKnownFileType = sourcecode.swift; path = DetailInteractor.swift; sourceTree = "<group>"; };
		5D3540BC2944C28D006470DD /* FavoriteInteractor.swift */ = {isa = PBXFileReference; lastKnownFileType = sourcecode.swift; path = FavoriteInteractor.swift; sourceTree = "<group>"; };
		5D3540C02944C2E5006470DD /* ColorExtension.swift */ = {isa = PBXFileReference; lastKnownFileType = sourcecode.swift; path = ColorExtension.swift; sourceTree = "<group>"; };
		5D3540C22944C305006470DD /* CustomErrorExtension.swift */ = {isa = PBXFileReference; lastKnownFileType = sourcecode.swift; path = CustomErrorExtension.swift; sourceTree = "<group>"; };
		5D3540CC2944C39C006470DD /* APICall.swift */ = {isa = PBXFileReference; lastKnownFileType = sourcecode.swift; path = APICall.swift; sourceTree = "<group>"; };
		5D3540CE2944C3C8006470DD /* CustomEmptyView.swift */ = {isa = PBXFileReference; lastKnownFileType = sourcecode.swift; path = CustomEmptyView.swift; sourceTree = "<group>"; };
		5D3540D12944C3F1006470DD /* CustomIcon.swift */ = {isa = PBXFileReference; lastKnownFileType = sourcecode.swift; path = CustomIcon.swift; sourceTree = "<group>"; };
		5D3540D32944C409006470DD /* TabItem.swift */ = {isa = PBXFileReference; lastKnownFileType = sourcecode.swift; path = TabItem.swift; sourceTree = "<group>"; };
		5D3541102944C4B0006470DD /* HomePresenter.swift */ = {isa = PBXFileReference; fileEncoding = 4; lastKnownFileType = sourcecode.swift; path = HomePresenter.swift; sourceTree = "<group>"; };
		5D3541122944C4B0006470DD /* HomeView.swift */ = {isa = PBXFileReference; fileEncoding = 4; lastKnownFileType = sourcecode.swift; path = HomeView.swift; sourceTree = "<group>"; };
		5D3541132944C4B0006470DD /* RestaurantCard.swift */ = {isa = PBXFileReference; fileEncoding = 4; lastKnownFileType = sourcecode.swift; path = RestaurantCard.swift; sourceTree = "<group>"; };
		5D3541152944C4B0006470DD /* HomeRouter.swift */ = {isa = PBXFileReference; fileEncoding = 4; lastKnownFileType = sourcecode.swift; path = HomeRouter.swift; sourceTree = "<group>"; };
		5D3541182944C4B0006470DD /* DetailPresenter.swift */ = {isa = PBXFileReference; fileEncoding = 4; lastKnownFileType = sourcecode.swift; path = DetailPresenter.swift; sourceTree = "<group>"; };
		5D35411A2944C4B0006470DD /* DetailView.swift */ = {isa = PBXFileReference; fileEncoding = 4; lastKnownFileType = sourcecode.swift; path = DetailView.swift; sourceTree = "<group>"; };
		5D3541282944C4B0006470DD /* FavoritePresenter.swift */ = {isa = PBXFileReference; fileEncoding = 4; lastKnownFileType = sourcecode.swift; path = FavoritePresenter.swift; sourceTree = "<group>"; };
		5D35412A2944C4B0006470DD /* FavoriteView.swift */ = {isa = PBXFileReference; fileEncoding = 4; lastKnownFileType = sourcecode.swift; path = FavoriteView.swift; sourceTree = "<group>"; };
		5D35412D2944C4B0006470DD /* FavoriteRouter.swift */ = {isa = PBXFileReference; fileEncoding = 4; lastKnownFileType = sourcecode.swift; path = FavoriteRouter.swift; sourceTree = "<group>"; };
		5D3541482944C70F006470DD /* RestaurantListResponse.swift */ = {isa = PBXFileReference; lastKnownFileType = sourcecode.swift; path = RestaurantListResponse.swift; sourceTree = "<group>"; };
		5D35414A2944C83B006470DD /* MenuResponse.swift */ = {isa = PBXFileReference; lastKnownFileType = sourcecode.swift; path = MenuResponse.swift; sourceTree = "<group>"; };
		5D35414C2944C8AB006470DD /* ReviewResponse.swift */ = {isa = PBXFileReference; lastKnownFileType = sourcecode.swift; path = ReviewResponse.swift; sourceTree = "<group>"; };
		5D35414E2944C916006470DD /* RestaurantDetailResponse.swift */ = {isa = PBXFileReference; lastKnownFileType = sourcecode.swift; path = RestaurantDetailResponse.swift; sourceTree = "<group>"; };
		5D3541502944C941006470DD /* RestaurantResponse.swift */ = {isa = PBXFileReference; lastKnownFileType = sourcecode.swift; path = RestaurantResponse.swift; sourceTree = "<group>"; };
		5D3541522944C970006470DD /* RestaurantSearchResponse.swift */ = {isa = PBXFileReference; lastKnownFileType = sourcecode.swift; path = RestaurantSearchResponse.swift; sourceTree = "<group>"; };
		5D3541542944C9FA006470DD /* AddNewReviewResponse.swift */ = {isa = PBXFileReference; lastKnownFileType = sourcecode.swift; path = AddNewReviewResponse.swift; sourceTree = "<group>"; };
		5D354157294629F9006470DD /* RestaurantEntity.swift */ = {isa = PBXFileReference; lastKnownFileType = sourcecode.swift; path = RestaurantEntity.swift; sourceTree = "<group>"; };
		5D35415929462A7B006470DD /* MenuEntity.swift */ = {isa = PBXFileReference; lastKnownFileType = sourcecode.swift; path = MenuEntity.swift; sourceTree = "<group>"; };
		5D35415B294636D2006470DD /* RestaurantMapper.swift */ = {isa = PBXFileReference; lastKnownFileType = sourcecode.swift; path = RestaurantMapper.swift; sourceTree = "<group>"; };
		5D35415D29463B06006470DD /* MenuModel.swift */ = {isa = PBXFileReference; lastKnownFileType = sourcecode.swift; path = MenuModel.swift; sourceTree = "<group>"; };
		5D35415F29463BEE006470DD /* ReviewModel.swift */ = {isa = PBXFileReference; lastKnownFileType = sourcecode.swift; path = ReviewModel.swift; sourceTree = "<group>"; };
		5D3541612946405E006470DD /* CategoryMapper.swift */ = {isa = PBXFileReference; lastKnownFileType = sourcecode.swift; path = CategoryMapper.swift; sourceTree = "<group>"; };
		5D354163294642DA006470DD /* MenuMapper.swift */ = {isa = PBXFileReference; lastKnownFileType = sourcecode.swift; path = MenuMapper.swift; sourceTree = "<group>"; };
		5D3541652946481F006470DD /* ReviewMapper.swift */ = {isa = PBXFileReference; lastKnownFileType = sourcecode.swift; path = ReviewMapper.swift; sourceTree = "<group>"; };
		5D35416729472E1F006470DD /* ViewStateExtension.swift */ = {isa = PBXFileReference; lastKnownFileType = sourcecode.swift; path = ViewStateExtension.swift; sourceTree = "<group>"; };
/* End PBXFileReference section */

/* Begin PBXFrameworksBuildPhase section */
		5D3540562944B99A006470DD /* Frameworks */ = {
			isa = PBXFrameworksBuildPhase;
			buildActionMask = 2147483647;
			files = (
				5D3540932944BDDC006470DD /* Alamofire in Frameworks */,
				5D3541472944C588006470DD /* CachedAsyncImage in Frameworks */,
				5D3540902944BDA9006470DD /* RealmSwift in Frameworks */,
				5D35408E2944BDA9006470DD /* Realm in Frameworks */,
				5D35416C294854C9006470DD /* WrappingHStack in Frameworks */,
			);
			runOnlyForDeploymentPostprocessing = 0;
		};
		5D3540662944B99F006470DD /* Frameworks */ = {
			isa = PBXFrameworksBuildPhase;
			buildActionMask = 2147483647;
			files = (
			);
			runOnlyForDeploymentPostprocessing = 0;
		};
		5D3540702944B99F006470DD /* Frameworks */ = {
			isa = PBXFrameworksBuildPhase;
			buildActionMask = 2147483647;
			files = (
			);
			runOnlyForDeploymentPostprocessing = 0;
		};
/* End PBXFrameworksBuildPhase section */

/* Begin PBXGroup section */
		5D3540502944B999006470DD = {
			isa = PBXGroup;
			children = (
				5D35405B2944B99A006470DD /* FeastHub */,
				5D35406C2944B99F006470DD /* FeastHubTests */,
				5D3540762944B99F006470DD /* FeastHubUITests */,
				5D35405A2944B99A006470DD /* Products */,
			);
			sourceTree = "<group>";
		};
		5D35405A2944B99A006470DD /* Products */ = {
			isa = PBXGroup;
			children = (
				5D3540592944B99A006470DD /* FeastHub.app */,
				5D3540692944B99F006470DD /* FeastHubTests.xctest */,
				5D3540732944B99F006470DD /* FeastHubUITests.xctest */,
			);
			name = Products;
			sourceTree = "<group>";
		};
		5D35405B2944B99A006470DD /* FeastHub */ = {
			isa = PBXGroup;
			children = (
				5D35416929478656006470DD /* CustomView */,
				5D3540862944BB82006470DD /* App */,
				5D3540872944BBA2006470DD /* Core */,
				5D3540882944BBA9006470DD /* Module */,
				5D3540602944B99F006470DD /* Assets.xcassets */,
				5D3540622944B99F006470DD /* Preview Content */,
			);
			path = FeastHub;
			sourceTree = "<group>";
		};
		5D3540622944B99F006470DD /* Preview Content */ = {
			isa = PBXGroup;
			children = (
				5D3540632944B99F006470DD /* Preview Assets.xcassets */,
			);
			path = "Preview Content";
			sourceTree = "<group>";
		};
		5D35406C2944B99F006470DD /* FeastHubTests */ = {
			isa = PBXGroup;
			children = (
				5D35406D2944B99F006470DD /* FeastHubTests.swift */,
			);
			path = FeastHubTests;
			sourceTree = "<group>";
		};
		5D3540762944B99F006470DD /* FeastHubUITests */ = {
			isa = PBXGroup;
			children = (
				5D3540772944B99F006470DD /* FeastHubUITests.swift */,
				5D3540792944B99F006470DD /* FeastHubUITestsLaunchTests.swift */,
			);
			path = FeastHubUITests;
			sourceTree = "<group>";
		};
		5D3540862944BB82006470DD /* App */ = {
			isa = PBXGroup;
			children = (
				5D35405C2944B99A006470DD /* FeastHubApp.swift */,
				5D35405E2944B99A006470DD /* ContentView.swift */,
			);
			path = App;
			sourceTree = "<group>";
		};
		5D3540872944BBA2006470DD /* Core */ = {
			isa = PBXGroup;
			children = (
				5D3540BE2944C2C9006470DD /* Utility */,
				5D3540AB2944BFB0006470DD /* Domain */,
				5D3540942944BE11006470DD /* DI */,
				5D3540892944BBF2006470DD /* Data */,
			);
			path = Core;
			sourceTree = "<group>";
		};
		5D3540882944BBA9006470DD /* Module */ = {
			isa = PBXGroup;
			children = (
				5D3541162944C4B0006470DD /* Detail */,
				5D3541262944C4B0006470DD /* Favorite */,
				5D35410E2944C4B0006470DD /* Home */,
			);
			path = Module;
			sourceTree = "<group>";
		};
		5D3540892944BBF2006470DD /* Data */ = {
			isa = PBXGroup;
			children = (
				5D3540972944BE40006470DD /* Locale */,
				5D3540982944BE48006470DD /* Remote */,
				5D35408A2944BC20006470DD /* RestaurantRepository.swift */,
			);
			path = Data;
			sourceTree = "<group>";
		};
		5D3540942944BE11006470DD /* DI */ = {
			isa = PBXGroup;
			children = (
				5D3540952944BE1D006470DD /* Injection.swift */,
			);
			path = DI;
			sourceTree = "<group>";
		};
		5D3540972944BE40006470DD /* Locale */ = {
			isa = PBXGroup;
			children = (
				5D35409B2944BE6B006470DD /* Entity */,
				5D35409C2944BE80006470DD /* LocaleDataSource.swift */,
			);
			path = Locale;
			sourceTree = "<group>";
		};
		5D3540982944BE48006470DD /* Remote */ = {
			isa = PBXGroup;
			children = (
				5D3540A62944BF30006470DD /* Response */,
				5D3540A42944BF11006470DD /* RemoteDataSource.swift */,
			);
			path = Remote;
			sourceTree = "<group>";
		};
		5D35409B2944BE6B006470DD /* Entity */ = {
			isa = PBXGroup;
			children = (
				5D35409E2944BEA9006470DD /* CategoryEntity.swift */,
				5D354157294629F9006470DD /* RestaurantEntity.swift */,
				5D35415929462A7B006470DD /* MenuEntity.swift */,
			);
			path = Entity;
			sourceTree = "<group>";
		};
		5D3540A62944BF30006470DD /* Response */ = {
			isa = PBXGroup;
			children = (
				5D3541562944CA63006470DD /* API */,
				5D3541502944C941006470DD /* RestaurantResponse.swift */,
				5D3540A72944BF45006470DD /* CategoryResponse.swift */,
				5D35414A2944C83B006470DD /* MenuResponse.swift */,
				5D35414C2944C8AB006470DD /* ReviewResponse.swift */,
			);
			path = Response;
			sourceTree = "<group>";
		};
		5D3540AB2944BFB0006470DD /* Domain */ = {
			isa = PBXGroup;
			children = (
				5D3540AC2944BFE4006470DD /* Model */,
				5D3540AD2944BFEA006470DD /* UseCase */,
			);
			path = Domain;
			sourceTree = "<group>";
		};
		5D3540AC2944BFE4006470DD /* Model */ = {
			isa = PBXGroup;
			children = (
				5D3540AE2944C013006470DD /* CategoryModel.swift */,
				5D3540B22944C04D006470DD /* RestaurantModel.swift */,
				5D35415D29463B06006470DD /* MenuModel.swift */,
				5D35415F29463BEE006470DD /* ReviewModel.swift */,
			);
			path = Model;
			sourceTree = "<group>";
		};
		5D3540AD2944BFEA006470DD /* UseCase */ = {
			isa = PBXGroup;
			children = (
				5D3540B42944C21B006470DD /* HomeInteractor.swift */,
				5D3540B62944C236006470DD /* DetailInteractor.swift */,
				5D3540BC2944C28D006470DD /* FavoriteInteractor.swift */,
			);
			path = UseCase;
			sourceTree = "<group>";
		};
		5D3540BE2944C2C9006470DD /* Utility */ = {
			isa = PBXGroup;
			children = (
				5D3540CB2944C38A006470DD /* Network */,
				5D3540C42944C31A006470DD /* Mapper */,
				5D3540BF2944C2D5006470DD /* Extensions */,
			);
			path = Utility;
			sourceTree = "<group>";
		};
		5D3540BF2944C2D5006470DD /* Extensions */ = {
			isa = PBXGroup;
			children = (
				5D3540C02944C2E5006470DD /* ColorExtension.swift */,
				5D3540C22944C305006470DD /* CustomErrorExtension.swift */,
				5D35416729472E1F006470DD /* ViewStateExtension.swift */,
			);
			path = Extensions;
			sourceTree = "<group>";
		};
		5D3540C42944C31A006470DD /* Mapper */ = {
			isa = PBXGroup;
			children = (
				5D35415B294636D2006470DD /* RestaurantMapper.swift */,
				5D3541612946405E006470DD /* CategoryMapper.swift */,
				5D354163294642DA006470DD /* MenuMapper.swift */,
				5D3541652946481F006470DD /* ReviewMapper.swift */,
			);
			path = Mapper;
			sourceTree = "<group>";
		};
		5D3540CB2944C38A006470DD /* Network */ = {
			isa = PBXGroup;
			children = (
				5D3540CC2944C39C006470DD /* APICall.swift */,
			);
			path = Network;
			sourceTree = "<group>";
		};
		5D35410E2944C4B0006470DD /* Home */ = {
			isa = PBXGroup;
			children = (
				5D3541102944C4B0006470DD /* HomePresenter.swift */,
				5D3541122944C4B0006470DD /* HomeView.swift */,
				5D3541152944C4B0006470DD /* HomeRouter.swift */,
			);
			path = Home;
			sourceTree = "<group>";
		};
		5D3541162944C4B0006470DD /* Detail */ = {
			isa = PBXGroup;
			children = (
				5D3541182944C4B0006470DD /* DetailPresenter.swift */,
				5D35411A2944C4B0006470DD /* DetailView.swift */,
			);
			path = Detail;
			sourceTree = "<group>";
		};
		5D3541262944C4B0006470DD /* Favorite */ = {
			isa = PBXGroup;
			children = (
				5D3541282944C4B0006470DD /* FavoritePresenter.swift */,
				5D35412A2944C4B0006470DD /* FavoriteView.swift */,
				5D35412D2944C4B0006470DD /* FavoriteRouter.swift */,
			);
			path = Favorite;
			sourceTree = "<group>";
		};
		5D3541562944CA63006470DD /* API */ = {
			isa = PBXGroup;
			children = (
				5D3541482944C70F006470DD /* RestaurantListResponse.swift */,
				5D35414E2944C916006470DD /* RestaurantDetailResponse.swift */,
				5D3541522944C970006470DD /* RestaurantSearchResponse.swift */,
				5D3541542944C9FA006470DD /* AddNewReviewResponse.swift */,
			);
			path = API;
			sourceTree = "<group>";
		};
		5D35416929478656006470DD /* CustomView */ = {
			isa = PBXGroup;
			children = (
				5D3541132944C4B0006470DD /* RestaurantCard.swift */,
				5D3540CE2944C3C8006470DD /* CustomEmptyView.swift */,
				5D3540D12944C3F1006470DD /* CustomIcon.swift */,
				5D3540D32944C409006470DD /* TabItem.swift */,
			);
			path = CustomView;
			sourceTree = "<group>";
		};
/* End PBXGroup section */

/* Begin PBXNativeTarget section */
		5D3540582944B99A006470DD /* FeastHub */ = {
			isa = PBXNativeTarget;
			buildConfigurationList = 5D35407D2944B99F006470DD /* Build configuration list for PBXNativeTarget "FeastHub" */;
			buildPhases = (
				5D3540552944B99A006470DD /* Sources */,
				5D3540562944B99A006470DD /* Frameworks */,
				5D3540572944B99A006470DD /* Resources */,
			);
			buildRules = (
			);
			dependencies = (
			);
			name = FeastHub;
			packageProductDependencies = (
				5D35408D2944BDA9006470DD /* Realm */,
				5D35408F2944BDA9006470DD /* RealmSwift */,
				5D3540922944BDDC006470DD /* Alamofire */,
				5D3541462944C588006470DD /* CachedAsyncImage */,
				5D35416B294854C9006470DD /* WrappingHStack */,
			);
			productName = FeastHub;
			productReference = 5D3540592944B99A006470DD /* FeastHub.app */;
			productType = "com.apple.product-type.application";
		};
		5D3540682944B99F006470DD /* FeastHubTests */ = {
			isa = PBXNativeTarget;
			buildConfigurationList = 5D3540802944B99F006470DD /* Build configuration list for PBXNativeTarget "FeastHubTests" */;
			buildPhases = (
				5D3540652944B99F006470DD /* Sources */,
				5D3540662944B99F006470DD /* Frameworks */,
				5D3540672944B99F006470DD /* Resources */,
			);
			buildRules = (
			);
			dependencies = (
				5D35406B2944B99F006470DD /* PBXTargetDependency */,
			);
			name = FeastHubTests;
			productName = FeastHubTests;
			productReference = 5D3540692944B99F006470DD /* FeastHubTests.xctest */;
			productType = "com.apple.product-type.bundle.unit-test";
		};
		5D3540722944B99F006470DD /* FeastHubUITests */ = {
			isa = PBXNativeTarget;
			buildConfigurationList = 5D3540832944B99F006470DD /* Build configuration list for PBXNativeTarget "FeastHubUITests" */;
			buildPhases = (
				5D35406F2944B99F006470DD /* Sources */,
				5D3540702944B99F006470DD /* Frameworks */,
				5D3540712944B99F006470DD /* Resources */,
			);
			buildRules = (
			);
			dependencies = (
				5D3540752944B99F006470DD /* PBXTargetDependency */,
			);
			name = FeastHubUITests;
			productName = FeastHubUITests;
			productReference = 5D3540732944B99F006470DD /* FeastHubUITests.xctest */;
			productType = "com.apple.product-type.bundle.ui-testing";
		};
/* End PBXNativeTarget section */

/* Begin PBXProject section */
		5D3540512944B999006470DD /* Project object */ = {
			isa = PBXProject;
			attributes = {
				BuildIndependentTargetsInParallel = 1;
				LastSwiftUpdateCheck = 1410;
				LastUpgradeCheck = 1410;
				TargetAttributes = {
					5D3540582944B99A006470DD = {
						CreatedOnToolsVersion = 14.1;
					};
					5D3540682944B99F006470DD = {
						CreatedOnToolsVersion = 14.1;
						TestTargetID = 5D3540582944B99A006470DD;
					};
					5D3540722944B99F006470DD = {
						CreatedOnToolsVersion = 14.1;
						TestTargetID = 5D3540582944B99A006470DD;
					};
				};
			};
			buildConfigurationList = 5D3540542944B999006470DD /* Build configuration list for PBXProject "FeastHub" */;
			compatibilityVersion = "Xcode 14.0";
			developmentRegion = en;
			hasScannedForEncodings = 0;
			knownRegions = (
				en,
				Base,
			);
			mainGroup = 5D3540502944B999006470DD;
			packageReferences = (
				5D35408C2944BDA9006470DD /* XCRemoteSwiftPackageReference "realm-swift" */,
				5D3540912944BDDB006470DD /* XCRemoteSwiftPackageReference "Alamofire" */,
				5D3541452944C588006470DD /* XCRemoteSwiftPackageReference "swiftui-cached-async-image" */,
				5D35416A294854C9006470DD /* XCRemoteSwiftPackageReference "WrappingHStack" */,
			);
			productRefGroup = 5D35405A2944B99A006470DD /* Products */;
			projectDirPath = "";
			projectRoot = "";
			targets = (
				5D3540582944B99A006470DD /* FeastHub */,
				5D3540682944B99F006470DD /* FeastHubTests */,
				5D3540722944B99F006470DD /* FeastHubUITests */,
			);
		};
/* End PBXProject section */

/* Begin PBXResourcesBuildPhase section */
		5D3540572944B99A006470DD /* Resources */ = {
			isa = PBXResourcesBuildPhase;
			buildActionMask = 2147483647;
			files = (
				5D3540642944B99F006470DD /* Preview Assets.xcassets in Resources */,
				5D3540612944B99F006470DD /* Assets.xcassets in Resources */,
			);
			runOnlyForDeploymentPostprocessing = 0;
		};
		5D3540672944B99F006470DD /* Resources */ = {
			isa = PBXResourcesBuildPhase;
			buildActionMask = 2147483647;
			files = (
			);
			runOnlyForDeploymentPostprocessing = 0;
		};
		5D3540712944B99F006470DD /* Resources */ = {
			isa = PBXResourcesBuildPhase;
			buildActionMask = 2147483647;
			files = (
			);
			runOnlyForDeploymentPostprocessing = 0;
		};
/* End PBXResourcesBuildPhase section */

/* Begin PBXSourcesBuildPhase section */
		5D3540552944B99A006470DD /* Sources */ = {
			isa = PBXSourcesBuildPhase;
			buildActionMask = 2147483647;
			files = (
				5D35414D2944C8AB006470DD /* ReviewResponse.swift in Sources */,
				5D3541512944C941006470DD /* RestaurantResponse.swift in Sources */,
				5D3540B32944C04D006470DD /* RestaurantModel.swift in Sources */,
				5D3540CF2944C3C8006470DD /* CustomEmptyView.swift in Sources */,
				5D3541342944C4B0006470DD /* HomeView.swift in Sources */,
				5D3541422944C4B0006470DD /* FavoriteRouter.swift in Sources */,
				5D354164294642DA006470DD /* MenuMapper.swift in Sources */,
				5D3540D22944C3F1006470DD /* CustomIcon.swift in Sources */,
				5D3541332944C4B0006470DD /* HomePresenter.swift in Sources */,
				5D35405F2944B99A006470DD /* ContentView.swift in Sources */,
				5D3541662946481F006470DD /* ReviewMapper.swift in Sources */,
				5D35416029463BEE006470DD /* ReviewModel.swift in Sources */,
				5D35414F2944C916006470DD /* RestaurantDetailResponse.swift in Sources */,
				5D3540B52944C21B006470DD /* HomeInteractor.swift in Sources */,
				5D3540AF2944C013006470DD /* CategoryModel.swift in Sources */,
				5D3540962944BE1D006470DD /* Injection.swift in Sources */,
				5D3540D42944C409006470DD /* TabItem.swift in Sources */,
				5D35405D2944B99A006470DD /* FeastHubApp.swift in Sources */,
				5D3541402944C4B0006470DD /* FavoriteView.swift in Sources */,
				5D35408B2944BC20006470DD /* RestaurantRepository.swift in Sources */,
				5D3541622946405E006470DD /* CategoryMapper.swift in Sources */,
				5D354158294629F9006470DD /* RestaurantEntity.swift in Sources */,
				5D3540BD2944C28D006470DD /* FavoriteInteractor.swift in Sources */,
				5D3541552944C9FA006470DD /* AddNewReviewResponse.swift in Sources */,
				5D3540A82944BF45006470DD /* CategoryResponse.swift in Sources */,
				5D3541352944C4B0006470DD /* RestaurantCard.swift in Sources */,
				5D3541382944C4B0006470DD /* DetailView.swift in Sources */,
				5D3541532944C970006470DD /* RestaurantSearchResponse.swift in Sources */,
				5D35416829472E1F006470DD /* ViewStateExtension.swift in Sources */,
				5D3540A52944BF11006470DD /* RemoteDataSource.swift in Sources */,
				5D3541362944C4B0006470DD /* HomeRouter.swift in Sources */,
				5D35415E29463B06006470DD /* MenuModel.swift in Sources */,
				5D35414B2944C83B006470DD /* MenuResponse.swift in Sources */,
				5D35413F2944C4B0006470DD /* FavoritePresenter.swift in Sources */,
				5D3540CD2944C39C006470DD /* APICall.swift in Sources */,
				5D3541372944C4B0006470DD /* DetailPresenter.swift in Sources */,
				5D35409F2944BEA9006470DD /* CategoryEntity.swift in Sources */,
				5D35415C294636D2006470DD /* RestaurantMapper.swift in Sources */,
				5D3541492944C70F006470DD /* RestaurantListResponse.swift in Sources */,
				5D35409D2944BE80006470DD /* LocaleDataSource.swift in Sources */,
				5D35415A29462A7B006470DD /* MenuEntity.swift in Sources */,
				5D3540C32944C305006470DD /* CustomErrorExtension.swift in Sources */,
				5D3540B72944C236006470DD /* DetailInteractor.swift in Sources */,
				5D3540C12944C2E5006470DD /* ColorExtension.swift in Sources */,
			);
			runOnlyForDeploymentPostprocessing = 0;
		};
		5D3540652944B99F006470DD /* Sources */ = {
			isa = PBXSourcesBuildPhase;
			buildActionMask = 2147483647;
			files = (
				5D35406E2944B99F006470DD /* FeastHubTests.swift in Sources */,
			);
			runOnlyForDeploymentPostprocessing = 0;
		};
		5D35406F2944B99F006470DD /* Sources */ = {
			isa = PBXSourcesBuildPhase;
			buildActionMask = 2147483647;
			files = (
				5D35407A2944B99F006470DD /* FeastHubUITestsLaunchTests.swift in Sources */,
				5D3540782944B99F006470DD /* FeastHubUITests.swift in Sources */,
			);
			runOnlyForDeploymentPostprocessing = 0;
		};
/* End PBXSourcesBuildPhase section */

/* Begin PBXTargetDependency section */
		5D35406B2944B99F006470DD /* PBXTargetDependency */ = {
			isa = PBXTargetDependency;
			target = 5D3540582944B99A006470DD /* FeastHub */;
			targetProxy = 5D35406A2944B99F006470DD /* PBXContainerItemProxy */;
		};
		5D3540752944B99F006470DD /* PBXTargetDependency */ = {
			isa = PBXTargetDependency;
			target = 5D3540582944B99A006470DD /* FeastHub */;
			targetProxy = 5D3540742944B99F006470DD /* PBXContainerItemProxy */;
		};
/* End PBXTargetDependency section */

/* Begin XCBuildConfiguration section */
		5D35407B2944B99F006470DD /* Debug */ = {
			isa = XCBuildConfiguration;
			buildSettings = {
				ALWAYS_SEARCH_USER_PATHS = NO;
				CLANG_ANALYZER_NONNULL = YES;
				CLANG_ANALYZER_NUMBER_OBJECT_CONVERSION = YES_AGGRESSIVE;
				CLANG_CXX_LANGUAGE_STANDARD = "gnu++20";
				CLANG_ENABLE_MODULES = YES;
				CLANG_ENABLE_OBJC_ARC = YES;
				CLANG_ENABLE_OBJC_WEAK = YES;
				CLANG_WARN_BLOCK_CAPTURE_AUTORELEASING = YES;
				CLANG_WARN_BOOL_CONVERSION = YES;
				CLANG_WARN_COMMA = YES;
				CLANG_WARN_CONSTANT_CONVERSION = YES;
				CLANG_WARN_DEPRECATED_OBJC_IMPLEMENTATIONS = YES;
				CLANG_WARN_DIRECT_OBJC_ISA_USAGE = YES_ERROR;
				CLANG_WARN_DOCUMENTATION_COMMENTS = YES;
				CLANG_WARN_EMPTY_BODY = YES;
				CLANG_WARN_ENUM_CONVERSION = YES;
				CLANG_WARN_INFINITE_RECURSION = YES;
				CLANG_WARN_INT_CONVERSION = YES;
				CLANG_WARN_NON_LITERAL_NULL_CONVERSION = YES;
				CLANG_WARN_OBJC_IMPLICIT_RETAIN_SELF = YES;
				CLANG_WARN_OBJC_LITERAL_CONVERSION = YES;
				CLANG_WARN_OBJC_ROOT_CLASS = YES_ERROR;
				CLANG_WARN_QUOTED_INCLUDE_IN_FRAMEWORK_HEADER = YES;
				CLANG_WARN_RANGE_LOOP_ANALYSIS = YES;
				CLANG_WARN_STRICT_PROTOTYPES = YES;
				CLANG_WARN_SUSPICIOUS_MOVE = YES;
				CLANG_WARN_UNGUARDED_AVAILABILITY = YES_AGGRESSIVE;
				CLANG_WARN_UNREACHABLE_CODE = YES;
				CLANG_WARN__DUPLICATE_METHOD_MATCH = YES;
				COPY_PHASE_STRIP = NO;
				DEBUG_INFORMATION_FORMAT = dwarf;
				ENABLE_STRICT_OBJC_MSGSEND = YES;
				ENABLE_TESTABILITY = YES;
				GCC_C_LANGUAGE_STANDARD = gnu11;
				GCC_DYNAMIC_NO_PIC = NO;
				GCC_NO_COMMON_BLOCKS = YES;
				GCC_OPTIMIZATION_LEVEL = 0;
				GCC_PREPROCESSOR_DEFINITIONS = (
					"DEBUG=1",
					"$(inherited)",
				);
				GCC_WARN_64_TO_32_BIT_CONVERSION = YES;
				GCC_WARN_ABOUT_RETURN_TYPE = YES_ERROR;
				GCC_WARN_UNDECLARED_SELECTOR = YES;
				GCC_WARN_UNINITIALIZED_AUTOS = YES_AGGRESSIVE;
				GCC_WARN_UNUSED_FUNCTION = YES;
				GCC_WARN_UNUSED_VARIABLE = YES;
				IPHONEOS_DEPLOYMENT_TARGET = 16.1;
				MTL_ENABLE_DEBUG_INFO = INCLUDE_SOURCE;
				MTL_FAST_MATH = YES;
				ONLY_ACTIVE_ARCH = YES;
				SDKROOT = iphoneos;
				SWIFT_ACTIVE_COMPILATION_CONDITIONS = DEBUG;
				SWIFT_OPTIMIZATION_LEVEL = "-Onone";
			};
			name = Debug;
		};
		5D35407C2944B99F006470DD /* Release */ = {
			isa = XCBuildConfiguration;
			buildSettings = {
				ALWAYS_SEARCH_USER_PATHS = NO;
				CLANG_ANALYZER_NONNULL = YES;
				CLANG_ANALYZER_NUMBER_OBJECT_CONVERSION = YES_AGGRESSIVE;
				CLANG_CXX_LANGUAGE_STANDARD = "gnu++20";
				CLANG_ENABLE_MODULES = YES;
				CLANG_ENABLE_OBJC_ARC = YES;
				CLANG_ENABLE_OBJC_WEAK = YES;
				CLANG_WARN_BLOCK_CAPTURE_AUTORELEASING = YES;
				CLANG_WARN_BOOL_CONVERSION = YES;
				CLANG_WARN_COMMA = YES;
				CLANG_WARN_CONSTANT_CONVERSION = YES;
				CLANG_WARN_DEPRECATED_OBJC_IMPLEMENTATIONS = YES;
				CLANG_WARN_DIRECT_OBJC_ISA_USAGE = YES_ERROR;
				CLANG_WARN_DOCUMENTATION_COMMENTS = YES;
				CLANG_WARN_EMPTY_BODY = YES;
				CLANG_WARN_ENUM_CONVERSION = YES;
				CLANG_WARN_INFINITE_RECURSION = YES;
				CLANG_WARN_INT_CONVERSION = YES;
				CLANG_WARN_NON_LITERAL_NULL_CONVERSION = YES;
				CLANG_WARN_OBJC_IMPLICIT_RETAIN_SELF = YES;
				CLANG_WARN_OBJC_LITERAL_CONVERSION = YES;
				CLANG_WARN_OBJC_ROOT_CLASS = YES_ERROR;
				CLANG_WARN_QUOTED_INCLUDE_IN_FRAMEWORK_HEADER = YES;
				CLANG_WARN_RANGE_LOOP_ANALYSIS = YES;
				CLANG_WARN_STRICT_PROTOTYPES = YES;
				CLANG_WARN_SUSPICIOUS_MOVE = YES;
				CLANG_WARN_UNGUARDED_AVAILABILITY = YES_AGGRESSIVE;
				CLANG_WARN_UNREACHABLE_CODE = YES;
				CLANG_WARN__DUPLICATE_METHOD_MATCH = YES;
				COPY_PHASE_STRIP = NO;
				DEBUG_INFORMATION_FORMAT = "dwarf-with-dsym";
				ENABLE_NS_ASSERTIONS = NO;
				ENABLE_STRICT_OBJC_MSGSEND = YES;
				GCC_C_LANGUAGE_STANDARD = gnu11;
				GCC_NO_COMMON_BLOCKS = YES;
				GCC_WARN_64_TO_32_BIT_CONVERSION = YES;
				GCC_WARN_ABOUT_RETURN_TYPE = YES_ERROR;
				GCC_WARN_UNDECLARED_SELECTOR = YES;
				GCC_WARN_UNINITIALIZED_AUTOS = YES_AGGRESSIVE;
				GCC_WARN_UNUSED_FUNCTION = YES;
				GCC_WARN_UNUSED_VARIABLE = YES;
				IPHONEOS_DEPLOYMENT_TARGET = 16.1;
				MTL_ENABLE_DEBUG_INFO = NO;
				MTL_FAST_MATH = YES;
				SDKROOT = iphoneos;
				SWIFT_COMPILATION_MODE = wholemodule;
				SWIFT_OPTIMIZATION_LEVEL = "-O";
				VALIDATE_PRODUCT = YES;
			};
			name = Release;
		};
		5D35407E2944B99F006470DD /* Debug */ = {
			isa = XCBuildConfiguration;
			buildSettings = {
				ASSETCATALOG_COMPILER_APPICON_NAME = AppIcon;
				ASSETCATALOG_COMPILER_GLOBAL_ACCENT_COLOR_NAME = AccentColor;
				CODE_SIGN_STYLE = Automatic;
				CURRENT_PROJECT_VERSION = 1;
				DEVELOPMENT_ASSET_PATHS = "\"FeastHub/Preview Content\"";
				DEVELOPMENT_TEAM = 3USSPQR589;
				ENABLE_PREVIEWS = YES;
				GENERATE_INFOPLIST_FILE = YES;
				INFOPLIST_KEY_UIApplicationSceneManifest_Generation = YES;
				INFOPLIST_KEY_UIApplicationSupportsIndirectInputEvents = YES;
				INFOPLIST_KEY_UILaunchScreen_Generation = YES;
				INFOPLIST_KEY_UISupportedInterfaceOrientations_iPad = "UIInterfaceOrientationPortrait UIInterfaceOrientationPortraitUpsideDown UIInterfaceOrientationLandscapeLeft UIInterfaceOrientationLandscapeRight";
				INFOPLIST_KEY_UISupportedInterfaceOrientations_iPhone = "UIInterfaceOrientationPortrait UIInterfaceOrientationLandscapeLeft UIInterfaceOrientationLandscapeRight";
				LD_RUNPATH_SEARCH_PATHS = (
					"$(inherited)",
					"@executable_path/Frameworks",
				);
				MARKETING_VERSION = 1.0;
				PRODUCT_BUNDLE_IDENTIFIER = am.dx.kevinjonathan.FeastHub;
				PRODUCT_NAME = "$(TARGET_NAME)";
				SWIFT_EMIT_LOC_STRINGS = YES;
				SWIFT_VERSION = 5.0;
				TARGETED_DEVICE_FAMILY = "1,2";
			};
			name = Debug;
		};
		5D35407F2944B99F006470DD /* Release */ = {
			isa = XCBuildConfiguration;
			buildSettings = {
				ASSETCATALOG_COMPILER_APPICON_NAME = AppIcon;
				ASSETCATALOG_COMPILER_GLOBAL_ACCENT_COLOR_NAME = AccentColor;
				CODE_SIGN_STYLE = Automatic;
				CURRENT_PROJECT_VERSION = 1;
				DEVELOPMENT_ASSET_PATHS = "\"FeastHub/Preview Content\"";
				DEVELOPMENT_TEAM = 3USSPQR589;
				ENABLE_PREVIEWS = YES;
				GENERATE_INFOPLIST_FILE = YES;
				INFOPLIST_KEY_UIApplicationSceneManifest_Generation = YES;
				INFOPLIST_KEY_UIApplicationSupportsIndirectInputEvents = YES;
				INFOPLIST_KEY_UILaunchScreen_Generation = YES;
				INFOPLIST_KEY_UISupportedInterfaceOrientations_iPad = "UIInterfaceOrientationPortrait UIInterfaceOrientationPortraitUpsideDown UIInterfaceOrientationLandscapeLeft UIInterfaceOrientationLandscapeRight";
				INFOPLIST_KEY_UISupportedInterfaceOrientations_iPhone = "UIInterfaceOrientationPortrait UIInterfaceOrientationLandscapeLeft UIInterfaceOrientationLandscapeRight";
				LD_RUNPATH_SEARCH_PATHS = (
					"$(inherited)",
					"@executable_path/Frameworks",
				);
				MARKETING_VERSION = 1.0;
				PRODUCT_BUNDLE_IDENTIFIER = am.dx.kevinjonathan.FeastHub;
				PRODUCT_NAME = "$(TARGET_NAME)";
				SWIFT_EMIT_LOC_STRINGS = YES;
				SWIFT_VERSION = 5.0;
				TARGETED_DEVICE_FAMILY = "1,2";
			};
			name = Release;
		};
		5D3540812944B99F006470DD /* Debug */ = {
			isa = XCBuildConfiguration;
			buildSettings = {
				ALWAYS_EMBED_SWIFT_STANDARD_LIBRARIES = YES;
				BUNDLE_LOADER = "$(TEST_HOST)";
				CODE_SIGN_STYLE = Automatic;
				CURRENT_PROJECT_VERSION = 1;
				DEVELOPMENT_TEAM = 3USSPQR589;
				GENERATE_INFOPLIST_FILE = YES;
				IPHONEOS_DEPLOYMENT_TARGET = 16.1;
				MARKETING_VERSION = 1.0;
				PRODUCT_BUNDLE_IDENTIFIER = am.dx.kevinjonathan.FeastHubTests;
				PRODUCT_NAME = "$(TARGET_NAME)";
				SWIFT_EMIT_LOC_STRINGS = NO;
				SWIFT_VERSION = 5.0;
				TARGETED_DEVICE_FAMILY = "1,2";
				TEST_HOST = "$(BUILT_PRODUCTS_DIR)/FeastHub.app/$(BUNDLE_EXECUTABLE_FOLDER_PATH)/FeastHub";
			};
			name = Debug;
		};
		5D3540822944B99F006470DD /* Release */ = {
			isa = XCBuildConfiguration;
			buildSettings = {
				ALWAYS_EMBED_SWIFT_STANDARD_LIBRARIES = YES;
				BUNDLE_LOADER = "$(TEST_HOST)";
				CODE_SIGN_STYLE = Automatic;
				CURRENT_PROJECT_VERSION = 1;
				DEVELOPMENT_TEAM = 3USSPQR589;
				GENERATE_INFOPLIST_FILE = YES;
				IPHONEOS_DEPLOYMENT_TARGET = 16.1;
				MARKETING_VERSION = 1.0;
				PRODUCT_BUNDLE_IDENTIFIER = am.dx.kevinjonathan.FeastHubTests;
				PRODUCT_NAME = "$(TARGET_NAME)";
				SWIFT_EMIT_LOC_STRINGS = NO;
				SWIFT_VERSION = 5.0;
				TARGETED_DEVICE_FAMILY = "1,2";
				TEST_HOST = "$(BUILT_PRODUCTS_DIR)/FeastHub.app/$(BUNDLE_EXECUTABLE_FOLDER_PATH)/FeastHub";
			};
			name = Release;
		};
		5D3540842944B99F006470DD /* Debug */ = {
			isa = XCBuildConfiguration;
			buildSettings = {
				ALWAYS_EMBED_SWIFT_STANDARD_LIBRARIES = YES;
				CODE_SIGN_STYLE = Automatic;
				CURRENT_PROJECT_VERSION = 1;
				DEVELOPMENT_TEAM = 3USSPQR589;
				GENERATE_INFOPLIST_FILE = YES;
				MARKETING_VERSION = 1.0;
				PRODUCT_BUNDLE_IDENTIFIER = am.dx.kevinjonathan.FeastHubUITests;
				PRODUCT_NAME = "$(TARGET_NAME)";
				SWIFT_EMIT_LOC_STRINGS = NO;
				SWIFT_VERSION = 5.0;
				TARGETED_DEVICE_FAMILY = "1,2";
				TEST_TARGET_NAME = FeastHub;
			};
			name = Debug;
		};
		5D3540852944B99F006470DD /* Release */ = {
			isa = XCBuildConfiguration;
			buildSettings = {
				ALWAYS_EMBED_SWIFT_STANDARD_LIBRARIES = YES;
				CODE_SIGN_STYLE = Automatic;
				CURRENT_PROJECT_VERSION = 1;
				DEVELOPMENT_TEAM = 3USSPQR589;
				GENERATE_INFOPLIST_FILE = YES;
				MARKETING_VERSION = 1.0;
				PRODUCT_BUNDLE_IDENTIFIER = am.dx.kevinjonathan.FeastHubUITests;
				PRODUCT_NAME = "$(TARGET_NAME)";
				SWIFT_EMIT_LOC_STRINGS = NO;
				SWIFT_VERSION = 5.0;
				TARGETED_DEVICE_FAMILY = "1,2";
				TEST_TARGET_NAME = FeastHub;
			};
			name = Release;
		};
/* End XCBuildConfiguration section */

/* Begin XCConfigurationList section */
		5D3540542944B999006470DD /* Build configuration list for PBXProject "FeastHub" */ = {
			isa = XCConfigurationList;
			buildConfigurations = (
				5D35407B2944B99F006470DD /* Debug */,
				5D35407C2944B99F006470DD /* Release */,
			);
			defaultConfigurationIsVisible = 0;
			defaultConfigurationName = Release;
		};
		5D35407D2944B99F006470DD /* Build configuration list for PBXNativeTarget "FeastHub" */ = {
			isa = XCConfigurationList;
			buildConfigurations = (
				5D35407E2944B99F006470DD /* Debug */,
				5D35407F2944B99F006470DD /* Release */,
			);
			defaultConfigurationIsVisible = 0;
			defaultConfigurationName = Release;
		};
		5D3540802944B99F006470DD /* Build configuration list for PBXNativeTarget "FeastHubTests" */ = {
			isa = XCConfigurationList;
			buildConfigurations = (
				5D3540812944B99F006470DD /* Debug */,
				5D3540822944B99F006470DD /* Release */,
			);
			defaultConfigurationIsVisible = 0;
			defaultConfigurationName = Release;
		};
		5D3540832944B99F006470DD /* Build configuration list for PBXNativeTarget "FeastHubUITests" */ = {
			isa = XCConfigurationList;
			buildConfigurations = (
				5D3540842944B99F006470DD /* Debug */,
				5D3540852944B99F006470DD /* Release */,
			);
			defaultConfigurationIsVisible = 0;
			defaultConfigurationName = Release;
		};
/* End XCConfigurationList section */

/* Begin XCRemoteSwiftPackageReference section */
		5D35408C2944BDA9006470DD /* XCRemoteSwiftPackageReference "realm-swift" */ = {
			isa = XCRemoteSwiftPackageReference;
			repositoryURL = "https://github.com/realm/realm-swift";
			requirement = {
				branch = master;
				kind = branch;
			};
		};
		5D3540912944BDDB006470DD /* XCRemoteSwiftPackageReference "Alamofire" */ = {
			isa = XCRemoteSwiftPackageReference;
			repositoryURL = "https://github.com/Alamofire/Alamofire";
			requirement = {
				kind = upToNextMajorVersion;
				minimumVersion = 5.0.0;
			};
		};
		5D3541452944C588006470DD /* XCRemoteSwiftPackageReference "swiftui-cached-async-image" */ = {
			isa = XCRemoteSwiftPackageReference;
			repositoryURL = "https://github.com/lorenzofiamingo/swiftui-cached-async-image";
			requirement = {
				kind = upToNextMajorVersion;
				minimumVersion = 2.0.0;
			};
		};
		5D35416A294854C9006470DD /* XCRemoteSwiftPackageReference "WrappingHStack" */ = {
			isa = XCRemoteSwiftPackageReference;
			repositoryURL = "https://github.com/dkk/WrappingHStack";
			requirement = {
				kind = upToNextMajorVersion;
				minimumVersion = 2.0.0;
			};
		};
/* End XCRemoteSwiftPackageReference section */

/* Begin XCSwiftPackageProductDependency section */
		5D35408D2944BDA9006470DD /* Realm */ = {
			isa = XCSwiftPackageProductDependency;
			package = 5D35408C2944BDA9006470DD /* XCRemoteSwiftPackageReference "realm-swift" */;
			productName = Realm;
		};
		5D35408F2944BDA9006470DD /* RealmSwift */ = {
			isa = XCSwiftPackageProductDependency;
			package = 5D35408C2944BDA9006470DD /* XCRemoteSwiftPackageReference "realm-swift" */;
			productName = RealmSwift;
		};
		5D3540922944BDDC006470DD /* Alamofire */ = {
			isa = XCSwiftPackageProductDependency;
			package = 5D3540912944BDDB006470DD /* XCRemoteSwiftPackageReference "Alamofire" */;
			productName = Alamofire;
		};
		5D3541462944C588006470DD /* CachedAsyncImage */ = {
			isa = XCSwiftPackageProductDependency;
			package = 5D3541452944C588006470DD /* XCRemoteSwiftPackageReference "swiftui-cached-async-image" */;
			productName = CachedAsyncImage;
		};
		5D35416B294854C9006470DD /* WrappingHStack */ = {
			isa = XCSwiftPackageProductDependency;
			package = 5D35416A294854C9006470DD /* XCRemoteSwiftPackageReference "WrappingHStack" */;
			productName = WrappingHStack;
		};
/* End XCSwiftPackageProductDependency section */
	};
	rootObject = 5D3540512944B999006470DD /* Project object */;
}
